{
    "version": 3,
    "terraform_version": "0.11.7",
    "serial": 42,
    "lineage": "b7d0ef28-7f26-bf39-5416-d624e3ba1f3a",
    "modules": [
        {
            "path": [
                "root"
            ],
            "outputs": {
                "elb_security_group_ids": {
                    "sensitive": false,
                    "type": "list",
                    "value": [
                        "sg-32ac0558"
                    ]
                },
                "master_security_group_ids": {
                    "sensitive": false,
                    "type": "list",
                    "value": [
                        "sg-c2ae07a8"
                    ]
                },
                "node_security_group_ids": {
                    "sensitive": false,
                    "type": "list",
                    "value": [
                        "sg-9bad04f1"
                    ]
                },
                "node_subnet_ids": {
                    "sensitive": false,
                    "type": "list",
                    "value": [
                        "subnet-a1dea5c9",
                        "subnet-5559e92f"
                    ]
                },
                "vpc_id": {
                    "sensitive": false,
                    "type": "string",
                    "value": "vpc-a2c58eca"
                }
            },
            "resources": {
                "aws_internet_gateway.slingtv-sports-cloud-k8s-local": {
                    "type": "aws_internet_gateway",
                    "depends_on": [
                        "aws_vpc.slingtv-sports-cloud-k8s-local"
                    ],
                    "primary": {
                        "id": "igw-4426e72c",
                        "attributes": {
                            "id": "igw-4426e72c",
                            "tags.%": "3",
                            "tags.KubernetesCluster": "slingtv-sports-cloud.k8s.local",
                            "tags.Name": "slingtv-sports-cloud.k8s.local",
                            "tags.kubernetes.io/cluster/slingtv-sports-cloud.k8s.local": "owned",
                            "vpc_id": "vpc-a2c58eca"
                        },
                        "meta": {},
                        "tainted": false
                    },
                    "deposed": [],
                    "provider": "provider.aws"
                },
                "aws_subnet.us-east-2a-slingtv-sports-cloud-k8s-local": {
                    "type": "aws_subnet",
                    "depends_on": [
                        "aws_vpc.slingtv-sports-cloud-k8s-local"
                    ],
                    "primary": {
                        "id": "subnet-a1dea5c9",
                        "attributes": {
                            "assign_ipv6_address_on_creation": "false",
                            "availability_zone": "us-east-2a",
                            "cidr_block": "172.20.32.0/19",
                            "id": "subnet-a1dea5c9",
                            "map_public_ip_on_launch": "false",
                            "tags.%": "6",
                            "tags.KubernetesCluster": "slingtv-sports-cloud.k8s.local",
                            "tags.Name": "us-east-2a.slingtv-sports-cloud.k8s.local",
                            "tags.SubnetType": "Public",
                            "tags.kubernetes.io/cluster/slingtv-sports-cloud.k8s.local": "shared",
                            "tags.kubernetes.io/role/alb-ingress": "",
                            "tags.kubernetes.io/role/elb": "1",
                            "vpc_id": "vpc-a2c58eca"
                        },
                        "meta": {
                            "schema_version": "1"
                        },
                        "tainted": false
                    },
                    "deposed": [],
                    "provider": "provider.aws"
                },
                "aws_subnet.us-east-2b-slingtv-sports-cloud-k8s-local": {
                    "type": "aws_subnet",
                    "depends_on": [
                        "aws_vpc.slingtv-sports-cloud-k8s-local"
                    ],
                    "primary": {
                        "id": "subnet-5559e92f",
                        "attributes": {
                            "assign_ipv6_address_on_creation": "false",
                            "availability_zone": "us-east-2b",
                            "cidr_block": "172.20.64.0/19",
                            "id": "subnet-5559e92f",
                            "map_public_ip_on_launch": "false",
                            "tags.%": "6",
                            "tags.KubernetesCluster": "slingtv-sports-cloud.k8s.local",
                            "tags.Name": "us-east-2b.slingtv-sports-cloud.k8s.local",
                            "tags.SubnetType": "Public",
                            "tags.kubernetes.io/cluster/slingtv-sports-cloud.k8s.local": "shared",
                            "tags.kubernetes.io/role/alb-ingress": "",
                            "tags.kubernetes.io/role/elb": "1",
                            "vpc_id": "vpc-a2c58eca"
                        },
                        "meta": {
                            "schema_version": "1"
                        },
                        "tainted": false
                    },
                    "deposed": [],
                    "provider": "provider.aws"
                },
                "aws_vpc.slingtv-sports-cloud-k8s-local": {
                    "type": "aws_vpc",
                    "depends_on": [],
                    "primary": {
                        "id": "vpc-a2c58eca",
                        "attributes": {
                            "assign_generated_ipv6_cidr_block": "false",
                            "cidr_block": "172.20.0.0/16",
                            "default_network_acl_id": "acl-8ef2c6e6",
                            "default_route_table_id": "rtb-d70510bf",
                            "default_security_group_id": "sg-3bac0551",
                            "dhcp_options_id": "dopt-6799ba0f",
                            "enable_dns_hostnames": "true",
                            "enable_dns_support": "true",
                            "id": "vpc-a2c58eca",
                            "instance_tenancy": "default",
                            "main_route_table_id": "rtb-d70510bf",
                            "tags.%": "3",
                            "tags.KubernetesCluster": "slingtv-sports-cloud.k8s.local",
                            "tags.Name": "slingtv-sports-cloud.k8s.local",
                            "tags.kubernetes.io/cluster/slingtv-sports-cloud.k8s.local": "owned"
                        },
                        "meta": {
                            "schema_version": "1"
                        },
                        "tainted": false
                    },
                    "deposed": [],
                    "provider": "provider.aws"
                }
            },
            "depends_on": []
        }
    ]
}
