{
    "version": 3,
    "terraform_version": "0.11.7",
    "serial": 4,
    "lineage": "b7d0ef28-7f26-bf39-5416-d624e3ba1f3a",
    "modules": [
        {
            "path": [
                "root"
            ],
            "outputs": {
                "cluster_name": {
                    "sensitive": false,
                    "type": "string",
                    "value": "slingtv-sports-cloud"
                },
                "elb_security_group_ids": {
                    "sensitive": false,
                    "type": "list",
                    "value": [
                        "sg-5aee3530"
                    ]
                },
                "master_security_group_ids": {
                    "sensitive": false,
                    "type": "list",
                    "value": [
                        "sg-faee3590"
                    ]
                },
                "masters_role_arn": {
                    "sensitive": false,
                    "type": "string",
                    "value": "arn:aws:iam::108333265490:role/masters.slingtv-sports-cloud"
                },
                "masters_role_name": {
                    "sensitive": false,
                    "type": "string",
                    "value": "masters.slingtv-sports-cloud"
                },
                "node_security_group_ids": {
                    "sensitive": false,
                    "type": "list",
                    "value": [
                        "sg-aeef34c4"
                    ]
                },
                "node_subnet_ids": {
                    "sensitive": false,
                    "type": "list",
                    "value": [
                        "subnet-247d034c",
                        "subnet-ece35496"
                    ]
                },
                "nodes_role_arn": {
                    "sensitive": false,
                    "type": "string",
                    "value": "arn:aws:iam::108333265490:role/nodes.slingtv-sports-cloud"
                },
                "nodes_role_name": {
                    "sensitive": false,
                    "type": "string",
                    "value": "nodes.slingtv-sports-cloud"
                },
                "region": {
                    "sensitive": false,
                    "type": "string",
                    "value": "us-east-2"
                },
                "vpc_id": {
                    "sensitive": false,
                    "type": "string",
                    "value": "vpc-ed460985"
                }
            },
            "resources": {
                "aws_autoscaling_attachment.master-us-east-2a-masters-slingtv-sports-cloud": {
                    "type": "aws_autoscaling_attachment",
                    "depends_on": [
                        "aws_autoscaling_group.master-us-east-2a-masters-slingtv-sports-cloud",
                        "aws_elb.api-slingtv-sports-cloud"
                    ],
                    "primary": {
                        "id": "master-us-east-2a.masters.slingtv-sports-cloud-20180529134251722000000003",
                        "attributes": {
                            "autoscaling_group_name": "master-us-east-2a.masters.slingtv-sports-cloud",
                            "elb": "api-slingtv-sports-cloud",
                            "id": "master-us-east-2a.masters.slingtv-sports-cloud-20180529134251722000000003"
                        },
                        "meta": {},
                        "tainted": false
                    },
                    "deposed": [],
                    "provider": "provider.aws"
                },
                "aws_autoscaling_group.master-us-east-2a-masters-slingtv-sports-cloud": {
                    "type": "aws_autoscaling_group",
                    "depends_on": [
                        "aws_launch_configuration.master-us-east-2a-masters-slingtv-sports-cloud",
                        "aws_subnet.us-east-2a-slingtv-sports-cloud"
                    ],
                    "primary": {
                        "id": "master-us-east-2a.masters.slingtv-sports-cloud",
                        "attributes": {
                            "arn": "arn:aws:autoscaling:us-east-2:108333265490:autoScalingGroup:a831c193-f73e-4af6-b238-645adef2cfd9:autoScalingGroupName/master-us-east-2a.masters.slingtv-sports-cloud",
                            "availability_zones.#": "1",
                            "availability_zones.4293815384": "us-east-2a",
                            "default_cooldown": "300",
                            "desired_capacity": "1",
                            "enabled_metrics.#": "8",
                            "enabled_metrics.119681000": "GroupStandbyInstances",
                            "enabled_metrics.1940933563": "GroupTotalInstances",
                            "enabled_metrics.308948767": "GroupPendingInstances",
                            "enabled_metrics.3267518000": "GroupTerminatingInstances",
                            "enabled_metrics.3394537085": "GroupDesiredCapacity",
                            "enabled_metrics.3551801763": "GroupInServiceInstances",
                            "enabled_metrics.4118539418": "GroupMinSize",
                            "enabled_metrics.4136111317": "GroupMaxSize",
                            "force_delete": "false",
                            "health_check_grace_period": "300",
                            "health_check_type": "EC2",
                            "id": "master-us-east-2a.masters.slingtv-sports-cloud",
                            "launch_configuration": "master-us-east-2a.masters.slingtv-sports-cloud-20180529134137750800000001",
                            "launch_template.#": "0",
                            "load_balancers.#": "0",
                            "max_size": "1",
                            "metrics_granularity": "1Minute",
                            "min_size": "1",
                            "name": "master-us-east-2a.masters.slingtv-sports-cloud",
                            "placement_group": "",
                            "protect_from_scale_in": "false",
                            "service_linked_role_arn": "arn:aws:iam::108333265490:role/aws-service-role/autoscaling.amazonaws.com/AWSServiceRoleForAutoScaling",
                            "suspended_processes.#": "0",
                            "tag.#": "4",
                            "tag.1601041186.key": "k8s.io/role/master",
                            "tag.1601041186.propagate_at_launch": "true",
                            "tag.1601041186.value": "1",
                            "tag.2877636771.key": "KubernetesCluster",
                            "tag.2877636771.propagate_at_launch": "true",
                            "tag.2877636771.value": "slingtv-sports-cloud",
                            "tag.4153395387.key": "k8s.io/cluster-autoscaler/node-template/label/kops.k8s.io/instancegroup",
                            "tag.4153395387.propagate_at_launch": "true",
                            "tag.4153395387.value": "master-us-east-2a",
                            "tag.736770000.key": "Name",
                            "tag.736770000.propagate_at_launch": "true",
                            "tag.736770000.value": "master-us-east-2a.masters.slingtv-sports-cloud",
                            "target_group_arns.#": "0",
                            "termination_policies.#": "0",
                            "vpc_zone_identifier.#": "1",
                            "vpc_zone_identifier.4227045329": "subnet-247d034c",
                            "wait_for_capacity_timeout": "10m"
                        },
                        "meta": {
                            "e2bfb730-ecaa-11e6-8f88-34363bc7c4c0": {
                                "delete": 600000000000
                            }
                        },
                        "tainted": false
                    },
                    "deposed": [],
                    "provider": "provider.aws"
                },
                "aws_autoscaling_group.nodes-slingtv-sports-cloud": {
                    "type": "aws_autoscaling_group",
                    "depends_on": [
                        "aws_launch_configuration.nodes-slingtv-sports-cloud",
                        "aws_subnet.us-east-2a-slingtv-sports-cloud",
                        "aws_subnet.us-east-2b-slingtv-sports-cloud"
                    ],
                    "primary": {
                        "id": "nodes.slingtv-sports-cloud",
                        "attributes": {
                            "arn": "arn:aws:autoscaling:us-east-2:108333265490:autoScalingGroup:14cd8767-e7fc-4ff7-9eed-69d800b69f06:autoScalingGroupName/nodes.slingtv-sports-cloud",
                            "availability_zones.#": "2",
                            "availability_zones.1726430690": "us-east-2b",
                            "availability_zones.4293815384": "us-east-2a",
                            "default_cooldown": "300",
                            "desired_capacity": "3",
                            "enabled_metrics.#": "8",
                            "enabled_metrics.119681000": "GroupStandbyInstances",
                            "enabled_metrics.1940933563": "GroupTotalInstances",
                            "enabled_metrics.308948767": "GroupPendingInstances",
                            "enabled_metrics.3267518000": "GroupTerminatingInstances",
                            "enabled_metrics.3394537085": "GroupDesiredCapacity",
                            "enabled_metrics.3551801763": "GroupInServiceInstances",
                            "enabled_metrics.4118539418": "GroupMinSize",
                            "enabled_metrics.4136111317": "GroupMaxSize",
                            "force_delete": "false",
                            "health_check_grace_period": "300",
                            "health_check_type": "EC2",
                            "id": "nodes.slingtv-sports-cloud",
                            "launch_configuration": "nodes.slingtv-sports-cloud-20180529134153127700000002",
                            "launch_template.#": "0",
                            "load_balancers.#": "0",
                            "max_size": "3",
                            "metrics_granularity": "1Minute",
                            "min_size": "3",
                            "name": "nodes.slingtv-sports-cloud",
                            "placement_group": "",
                            "protect_from_scale_in": "false",
                            "service_linked_role_arn": "arn:aws:iam::108333265490:role/aws-service-role/autoscaling.amazonaws.com/AWSServiceRoleForAutoScaling",
                            "suspended_processes.#": "0",
                            "tag.#": "4",
                            "tag.1967977115.key": "k8s.io/role/node",
                            "tag.1967977115.propagate_at_launch": "true",
                            "tag.1967977115.value": "1",
                            "tag.2877636771.key": "KubernetesCluster",
                            "tag.2877636771.propagate_at_launch": "true",
                            "tag.2877636771.value": "slingtv-sports-cloud",
                            "tag.3699647205.key": "Name",
                            "tag.3699647205.propagate_at_launch": "true",
                            "tag.3699647205.value": "nodes.slingtv-sports-cloud",
                            "tag.859419842.key": "k8s.io/cluster-autoscaler/node-template/label/kops.k8s.io/instancegroup",
                            "tag.859419842.propagate_at_launch": "true",
                            "tag.859419842.value": "nodes",
                            "target_group_arns.#": "0",
                            "termination_policies.#": "0",
                            "vpc_zone_identifier.#": "2",
                            "vpc_zone_identifier.355024273": "subnet-ece35496",
                            "vpc_zone_identifier.4227045329": "subnet-247d034c",
                            "wait_for_capacity_timeout": "10m"
                        },
                        "meta": {
                            "e2bfb730-ecaa-11e6-8f88-34363bc7c4c0": {
                                "delete": 600000000000
                            }
                        },
                        "tainted": false
                    },
                    "deposed": [],
                    "provider": "provider.aws"
                },
                "aws_ebs_volume.a-etcd-events-slingtv-sports-cloud": {
                    "type": "aws_ebs_volume",
                    "depends_on": [],
                    "primary": {
                        "id": "vol-07a1b770682cda7bb",
                        "attributes": {
                            "arn": "arn:aws:ec2:us-east-2:108333265490:volume/vol-07a1b770682cda7bb",
                            "availability_zone": "us-east-2a",
                            "encrypted": "false",
                            "id": "vol-07a1b770682cda7bb",
                            "size": "20",
                            "snapshot_id": "",
                            "tags.%": "5",
                            "tags.KubernetesCluster": "slingtv-sports-cloud",
                            "tags.Name": "a.etcd-events.slingtv-sports-cloud",
                            "tags.k8s.io/etcd/events": "a/a",
                            "tags.k8s.io/role/master": "1",
                            "tags.kubernetes.io/cluster/slingtv-sports-cloud": "owned",
                            "type": "gp2"
                        },
                        "meta": {},
                        "tainted": false
                    },
                    "deposed": [],
                    "provider": "provider.aws"
                },
                "aws_ebs_volume.a-etcd-main-slingtv-sports-cloud": {
                    "type": "aws_ebs_volume",
                    "depends_on": [],
                    "primary": {
                        "id": "vol-03d7658cad500907c",
                        "attributes": {
                            "arn": "arn:aws:ec2:us-east-2:108333265490:volume/vol-03d7658cad500907c",
                            "availability_zone": "us-east-2a",
                            "encrypted": "false",
                            "id": "vol-03d7658cad500907c",
                            "size": "20",
                            "snapshot_id": "",
                            "tags.%": "5",
                            "tags.KubernetesCluster": "slingtv-sports-cloud",
                            "tags.Name": "a.etcd-main.slingtv-sports-cloud",
                            "tags.k8s.io/etcd/main": "a/a",
                            "tags.k8s.io/role/master": "1",
                            "tags.kubernetes.io/cluster/slingtv-sports-cloud": "owned",
                            "type": "gp2"
                        },
                        "meta": {},
                        "tainted": false
                    },
                    "deposed": [],
                    "provider": "provider.aws"
                },
                "aws_elb.api-slingtv-sports-cloud": {
                    "type": "aws_elb",
                    "depends_on": [
                        "aws_security_group.api-elb-slingtv-sports-cloud",
                        "aws_subnet.us-east-2a-slingtv-sports-cloud",
                        "aws_subnet.us-east-2b-slingtv-sports-cloud"
                    ],
                    "primary": {
                        "id": "api-slingtv-sports-cloud",
                        "attributes": {
                            "access_logs.#": "0",
                            "arn": "arn:aws:elasticloadbalancing:us-east-2:108333265490:loadbalancer/api-slingtv-sports-cloud",
                            "availability_zones.#": "2",
                            "availability_zones.1726430690": "us-east-2b",
                            "availability_zones.4293815384": "us-east-2a",
                            "connection_draining": "false",
                            "connection_draining_timeout": "300",
                            "cross_zone_load_balancing": "true",
                            "dns_name": "api-slingtv-sports-cloud-723452349.us-east-2.elb.amazonaws.com",
                            "health_check.#": "1",
                            "health_check.0.healthy_threshold": "2",
                            "health_check.0.interval": "10",
                            "health_check.0.target": "SSL:443",
                            "health_check.0.timeout": "5",
                            "health_check.0.unhealthy_threshold": "2",
                            "id": "api-slingtv-sports-cloud",
                            "idle_timeout": "300",
                            "instances.#": "0",
                            "internal": "false",
                            "listener.#": "1",
                            "listener.610193557.instance_port": "443",
                            "listener.610193557.instance_protocol": "tcp",
                            "listener.610193557.lb_port": "443",
                            "listener.610193557.lb_protocol": "tcp",
                            "listener.610193557.ssl_certificate_id": "",
                            "name": "api-slingtv-sports-cloud",
                            "security_groups.#": "1",
                            "security_groups.1776219730": "sg-aeef34c4",
                            "source_security_group": "108333265490/api-elb.slingtv-sports-cloud",
                            "source_security_group_id": "sg-aeef34c4",
                            "subnets.#": "2",
                            "subnets.355024273": "subnet-ece35496",
                            "subnets.4227045329": "subnet-247d034c",
                            "tags.%": "2",
                            "tags.KubernetesCluster": "slingtv-sports-cloud",
                            "tags.Name": "api.slingtv-sports-cloud",
                            "zone_id": "Z3AADJGX6KTTL2"
                        },
                        "meta": {},
                        "tainted": false
                    },
                    "deposed": [],
                    "provider": "provider.aws"
                },
                "aws_iam_instance_profile.masters-slingtv-sports-cloud": {
                    "type": "aws_iam_instance_profile",
                    "depends_on": [
                        "aws_iam_role.masters-slingtv-sports-cloud"
                    ],
                    "primary": {
                        "id": "masters.slingtv-sports-cloud",
                        "attributes": {
                            "arn": "arn:aws:iam::108333265490:instance-profile/masters.slingtv-sports-cloud",
                            "id": "masters.slingtv-sports-cloud",
                            "name": "masters.slingtv-sports-cloud",
                            "path": "/",
                            "role": "masters.slingtv-sports-cloud",
                            "roles.#": "0",
                            "unique_id": "AIPAIJAAZAFA7LAQXZ4R2"
                        },
                        "meta": {},
                        "tainted": false
                    },
                    "deposed": [],
                    "provider": "provider.aws"
                },
                "aws_iam_instance_profile.nodes-slingtv-sports-cloud": {
                    "type": "aws_iam_instance_profile",
                    "depends_on": [
                        "aws_iam_role.nodes-slingtv-sports-cloud"
                    ],
                    "primary": {
                        "id": "nodes.slingtv-sports-cloud",
                        "attributes": {
                            "arn": "arn:aws:iam::108333265490:instance-profile/nodes.slingtv-sports-cloud",
                            "id": "nodes.slingtv-sports-cloud",
                            "name": "nodes.slingtv-sports-cloud",
                            "path": "/",
                            "role": "nodes.slingtv-sports-cloud",
                            "roles.#": "0",
                            "unique_id": "AIPAJXALNUAL7ALN3GGIW"
                        },
                        "meta": {},
                        "tainted": false
                    },
                    "deposed": [],
                    "provider": "provider.aws"
                },
                "aws_iam_role.masters-slingtv-sports-cloud": {
                    "type": "aws_iam_role",
                    "depends_on": [],
                    "primary": {
                        "id": "masters.slingtv-sports-cloud",
                        "attributes": {
                            "arn": "arn:aws:iam::108333265490:role/masters.slingtv-sports-cloud",
                            "assume_role_policy": "{\"Version\":\"2012-10-17\",\"Statement\":[{\"Effect\":\"Allow\",\"Principal\":{\"Service\":\"ec2.amazonaws.com\"},\"Action\":\"sts:AssumeRole\"}]}",
                            "create_date": "2018-05-29T13:40:09Z",
                            "force_detach_policies": "false",
                            "id": "masters.slingtv-sports-cloud",
                            "max_session_duration": "3600",
                            "name": "masters.slingtv-sports-cloud",
                            "path": "/",
                            "unique_id": "AROAJN6H5QRKZKNWG7VR4"
                        },
                        "meta": {},
                        "tainted": false
                    },
                    "deposed": [],
                    "provider": "provider.aws"
                },
                "aws_iam_role.nodes-slingtv-sports-cloud": {
                    "type": "aws_iam_role",
                    "depends_on": [],
                    "primary": {
                        "id": "nodes.slingtv-sports-cloud",
                        "attributes": {
                            "arn": "arn:aws:iam::108333265490:role/nodes.slingtv-sports-cloud",
                            "assume_role_policy": "{\"Version\":\"2012-10-17\",\"Statement\":[{\"Effect\":\"Allow\",\"Principal\":{\"Service\":\"ec2.amazonaws.com\"},\"Action\":\"sts:AssumeRole\"}]}",
                            "create_date": "2018-05-29T13:40:16Z",
                            "force_detach_policies": "false",
                            "id": "nodes.slingtv-sports-cloud",
                            "max_session_duration": "3600",
                            "name": "nodes.slingtv-sports-cloud",
                            "path": "/",
                            "unique_id": "AROAIKMWT5TEHOKC3BEYQ"
                        },
                        "meta": {},
                        "tainted": false
                    },
                    "deposed": [],
                    "provider": "provider.aws"
                },
                "aws_iam_role_policy.masters-slingtv-sports-cloud": {
                    "type": "aws_iam_role_policy",
                    "depends_on": [
                        "aws_iam_role.masters-slingtv-sports-cloud"
                    ],
                    "primary": {
                        "id": "masters.slingtv-sports-cloud:masters.slingtv-sports-cloud",
                        "attributes": {
                            "id": "masters.slingtv-sports-cloud:masters.slingtv-sports-cloud",
                            "name": "masters.slingtv-sports-cloud",
                            "policy": "{\n  \"Version\": \"2012-10-17\",\n  \"Statement\": [\n    {\n      \"Sid\": \"kopsK8sEC2MasterPermsDescribeResources\",\n      \"Effect\": \"Allow\",\n      \"Action\": [\n        \"ec2:DescribeInstances\",\n        \"ec2:DescribeRegions\",\n        \"ec2:DescribeRouteTables\",\n        \"ec2:DescribeSecurityGroups\",\n        \"ec2:DescribeSubnets\",\n        \"ec2:DescribeVolumes\"\n      ],\n      \"Resource\": [\n        \"*\"\n      ]\n    },\n    {\n      \"Sid\": \"kopsK8sEC2MasterPermsAllResources\",\n      \"Effect\": \"Allow\",\n      \"Action\": [\n        \"ec2:CreateSecurityGroup\",\n        \"ec2:CreateTags\",\n        \"ec2:CreateVolume\",\n        \"ec2:ModifyInstanceAttribute\"\n      ],\n      \"Resource\": [\n        \"*\"\n      ]\n    },\n    {\n      \"Sid\": \"kopsK8sEC2MasterPermsTaggedResources\",\n      \"Effect\": \"Allow\",\n      \"Action\": [\n        \"ec2:AttachVolume\",\n        \"ec2:AuthorizeSecurityGroupIngress\",\n        \"ec2:CreateRoute\",\n        \"ec2:DeleteRoute\",\n        \"ec2:DeleteSecurityGroup\",\n        \"ec2:DeleteVolume\",\n        \"ec2:DetachVolume\",\n        \"ec2:RevokeSecurityGroupIngress\"\n      ],\n      \"Resource\": [\n        \"*\"\n      ],\n      \"Condition\": {\n        \"StringEquals\": {\n          \"ec2:ResourceTag/KubernetesCluster\": \"slingtv-sports-cloud\"\n        }\n      }\n    },\n    {\n      \"Sid\": \"kopsK8sASMasterPermsAllResources\",\n      \"Effect\": \"Allow\",\n      \"Action\": [\n        \"autoscaling:DescribeAutoScalingGroups\",\n        \"autoscaling:DescribeLaunchConfigurations\",\n        \"autoscaling:DescribeTags\",\n        \"autoscaling:GetAsgForInstance\"\n      ],\n      \"Resource\": [\n        \"*\"\n      ]\n    },\n    {\n      \"Sid\": \"kopsK8sASMasterPermsTaggedResources\",\n      \"Effect\": \"Allow\",\n      \"Action\": [\n        \"autoscaling:SetDesiredCapacity\",\n        \"autoscaling:TerminateInstanceInAutoScalingGroup\",\n        \"autoscaling:UpdateAutoScalingGroup\"\n      ],\n      \"Resource\": [\n        \"*\"\n      ],\n      \"Condition\": {\n        \"StringEquals\": {\n          \"autoscaling:ResourceTag/KubernetesCluster\": \"slingtv-sports-cloud\"\n        }\n      }\n    },\n    {\n      \"Sid\": \"kopsK8sELBMasterPermsRestrictive\",\n      \"Effect\": \"Allow\",\n      \"Action\": [\n        \"elasticloadbalancing:AddTags\",\n        \"elasticloadbalancing:AttachLoadBalancerToSubnets\",\n        \"elasticloadbalancing:ApplySecurityGroupsToLoadBalancer\",\n        \"elasticloadbalancing:CreateLoadBalancer\",\n        \"elasticloadbalancing:CreateLoadBalancerPolicy\",\n        \"elasticloadbalancing:CreateLoadBalancerListeners\",\n        \"elasticloadbalancing:ConfigureHealthCheck\",\n        \"elasticloadbalancing:DeleteLoadBalancer\",\n        \"elasticloadbalancing:DeleteLoadBalancerListeners\",\n        \"elasticloadbalancing:DescribeLoadBalancers\",\n        \"elasticloadbalancing:DescribeLoadBalancerAttributes\",\n        \"elasticloadbalancing:DetachLoadBalancerFromSubnets\",\n        \"elasticloadbalancing:DeregisterInstancesFromLoadBalancer\",\n        \"elasticloadbalancing:ModifyLoadBalancerAttributes\",\n        \"elasticloadbalancing:RegisterInstancesWithLoadBalancer\",\n        \"elasticloadbalancing:SetLoadBalancerPoliciesForBackendServer\"\n      ],\n      \"Resource\": [\n        \"*\"\n      ]\n    },\n    {\n      \"Sid\": \"kopsK8sNLBMasterPermsRestrictive\",\n      \"Effect\": \"Allow\",\n      \"Action\": [\n        \"ec2:DescribeVpcs\",\n        \"elasticloadbalancing:AddTags\",\n        \"elasticloadbalancing:CreateListener\",\n        \"elasticloadbalancing:CreateTargetGroup\",\n        \"elasticloadbalancing:DeleteListener\",\n        \"elasticloadbalancing:DeleteTargetGroup\",\n        \"elasticloadbalancing:DescribeListeners\",\n        \"elasticloadbalancing:DescribeLoadBalancerPolicies\",\n        \"elasticloadbalancing:DescribeTargetGroups\",\n        \"elasticloadbalancing:DescribeTargetHealth\",\n        \"elasticloadbalancing:ModifyListener\",\n        \"elasticloadbalancing:ModifyTargetGroup\",\n        \"elasticloadbalancing:RegisterTargets\",\n        \"elasticloadbalancing:SetLoadBalancerPoliciesOfListener\"\n      ],\n      \"Resource\": [\n        \"*\"\n      ]\n    },\n    {\n      \"Sid\": \"kopsMasterCertIAMPerms\",\n      \"Effect\": \"Allow\",\n      \"Action\": [\n        \"iam:ListServerCertificates\",\n        \"iam:GetServerCertificate\"\n      ],\n      \"Resource\": [\n        \"*\"\n      ]\n    },\n    {\n      \"Sid\": \"kopsK8sS3GetListBucket\",\n      \"Effect\": \"Allow\",\n      \"Action\": [\n        \"s3:GetBucketLocation\",\n        \"s3:ListBucket\"\n      ],\n      \"Resource\": [\n        \"arn:aws:s3:::kubernetes-slingtv-state-store\"\n      ]\n    },\n    {\n      \"Sid\": \"kopsK8sS3MasterBucketFullGet\",\n      \"Effect\": \"Allow\",\n      \"Action\": [\n        \"s3:Get*\"\n      ],\n      \"Resource\": \"arn:aws:s3:::kubernetes-slingtv-state-store/slingtv-sports-cloud/*\"\n    },\n    {\n      \"Sid\": \"kopsK8sECR\",\n      \"Effect\": \"Allow\",\n      \"Action\": [\n        \"ecr:GetAuthorizationToken\",\n        \"ecr:BatchCheckLayerAvailability\",\n        \"ecr:GetDownloadUrlForLayer\",\n        \"ecr:GetRepositoryPolicy\",\n        \"ecr:DescribeRepositories\",\n        \"ecr:ListImages\",\n        \"ecr:BatchGetImage\"\n      ],\n      \"Resource\": [\n        \"*\"\n      ]\n    }\n  ]\n}",
                            "role": "masters.slingtv-sports-cloud"
                        },
                        "meta": {},
                        "tainted": false
                    },
                    "deposed": [],
                    "provider": "provider.aws"
                },
                "aws_iam_role_policy.nodes-slingtv-sports-cloud": {
                    "type": "aws_iam_role_policy",
                    "depends_on": [
                        "aws_iam_role.nodes-slingtv-sports-cloud"
                    ],
                    "primary": {
                        "id": "nodes.slingtv-sports-cloud:nodes.slingtv-sports-cloud",
                        "attributes": {
                            "id": "nodes.slingtv-sports-cloud:nodes.slingtv-sports-cloud",
                            "name": "nodes.slingtv-sports-cloud",
                            "policy": "{\n  \"Version\": \"2012-10-17\",\n  \"Statement\": [\n    {\n      \"Sid\": \"kopsK8sEC2NodePerms\",\n      \"Effect\": \"Allow\",\n      \"Action\": [\n        \"ec2:DescribeInstances\",\n        \"ec2:DescribeRegions\"\n      ],\n      \"Resource\": [\n        \"*\"\n      ]\n    },\n    {\n      \"Sid\": \"kopsK8sS3GetListBucket\",\n      \"Effect\": \"Allow\",\n      \"Action\": [\n        \"s3:GetBucketLocation\",\n        \"s3:ListBucket\"\n      ],\n      \"Resource\": [\n        \"arn:aws:s3:::kubernetes-slingtv-state-store\"\n      ]\n    },\n    {\n      \"Sid\": \"kopsK8sS3NodeBucketSelectiveGet\",\n      \"Effect\": \"Allow\",\n      \"Action\": [\n        \"s3:Get*\"\n      ],\n      \"Resource\": [\n        \"arn:aws:s3:::kubernetes-slingtv-state-store/slingtv-sports-cloud/addons/*\",\n        \"arn:aws:s3:::kubernetes-slingtv-state-store/slingtv-sports-cloud/cluster.spec\",\n        \"arn:aws:s3:::kubernetes-slingtv-state-store/slingtv-sports-cloud/config\",\n        \"arn:aws:s3:::kubernetes-slingtv-state-store/slingtv-sports-cloud/instancegroup/*\",\n        \"arn:aws:s3:::kubernetes-slingtv-state-store/slingtv-sports-cloud/pki/issued/*\",\n        \"arn:aws:s3:::kubernetes-slingtv-state-store/slingtv-sports-cloud/pki/private/kube-proxy/*\",\n        \"arn:aws:s3:::kubernetes-slingtv-state-store/slingtv-sports-cloud/pki/private/kubelet/*\",\n        \"arn:aws:s3:::kubernetes-slingtv-state-store/slingtv-sports-cloud/pki/ssh/*\",\n        \"arn:aws:s3:::kubernetes-slingtv-state-store/slingtv-sports-cloud/secrets/dockerconfig\"\n      ]\n    },\n    {\n      \"Sid\": \"kopsK8sECR\",\n      \"Effect\": \"Allow\",\n      \"Action\": [\n        \"ecr:GetAuthorizationToken\",\n        \"ecr:BatchCheckLayerAvailability\",\n        \"ecr:GetDownloadUrlForLayer\",\n        \"ecr:GetRepositoryPolicy\",\n        \"ecr:DescribeRepositories\",\n        \"ecr:ListImages\",\n        \"ecr:BatchGetImage\"\n      ],\n      \"Resource\": [\n        \"*\"\n      ]\n    }\n  ]\n}",
                            "role": "nodes.slingtv-sports-cloud"
                        },
                        "meta": {},
                        "tainted": false
                    },
                    "deposed": [],
                    "provider": "provider.aws"
                },
                "aws_internet_gateway.slingtv-sports-cloud": {
                    "type": "aws_internet_gateway",
                    "depends_on": [
                        "aws_vpc.slingtv-sports-cloud"
                    ],
                    "primary": {
                        "id": "igw-925a9efa",
                        "attributes": {
                            "id": "igw-925a9efa",
                            "tags.%": "3",
                            "tags.KubernetesCluster": "slingtv-sports-cloud",
                            "tags.Name": "slingtv-sports-cloud",
                            "tags.kubernetes.io/cluster/slingtv-sports-cloud": "owned",
                            "vpc_id": "vpc-ed460985"
                        },
                        "meta": {},
                        "tainted": false
                    },
                    "deposed": [],
                    "provider": "provider.aws"
                },
                "aws_key_pair.kubernetes-slingtv-sports-cloud-881fbb3c10201b00cf7efbd888c878db": {
                    "type": "aws_key_pair",
                    "depends_on": [],
                    "primary": {
                        "id": "kubernetes.slingtv-sports-cloud-88:1f:bb:3c:10:20:1b:00:cf:7e:fb:d8:88:c8:78:db",
                        "attributes": {
                            "id": "kubernetes.slingtv-sports-cloud-88:1f:bb:3c:10:20:1b:00:cf:7e:fb:d8:88:c8:78:db",
                            "key_name": "kubernetes.slingtv-sports-cloud-88:1f:bb:3c:10:20:1b:00:cf:7e:fb:d8:88:c8:78:db",
                            "public_key": "ssh-rsa AAAAB3NzaC1yc2EAAAADAQABAAABAQDEsOidZifD7j5H1jE3ztF0Nr/NuFY8UlZvZ2SyU4qcF7D/bQx1BY0fR9HkA3e2RMnJv3mzJm0fz1ZyZKRCS6tOcNC3Ea2LzfG1Zq6Wn56cJwUW3Etp+jDaGLPLq2x/V39H74xENssWboJKZKyU0RQYFUT35pj9kQkO3HYEuIozPI05ULF6jAoDf6UjJmtm76wFOapJEKD3gjyALC4DzX8IUYARKxs/V4InHcnuVigT9y+3X3MQwQX5CVD/UlR46QEWjPENd3tgqb2iSYNiajzAI6WHDMzdm/cjt8QEDMC5UHt0VCLu7e3+wzh/tfbkFBurgU2mBYaddaHBAtdvlmgb arung@IN4454-01"
                        },
                        "meta": {
                            "schema_version": "1"
                        },
                        "tainted": false
                    },
                    "deposed": [],
                    "provider": "provider.aws"
                },
                "aws_launch_configuration.master-us-east-2a-masters-slingtv-sports-cloud": {
                    "type": "aws_launch_configuration",
                    "depends_on": [
                        "aws_iam_instance_profile.masters-slingtv-sports-cloud",
                        "aws_key_pair.kubernetes-slingtv-sports-cloud-881fbb3c10201b00cf7efbd888c878db",
                        "aws_security_group.masters-slingtv-sports-cloud"
                    ],
                    "primary": {
                        "id": "master-us-east-2a.masters.slingtv-sports-cloud-20180529134137750800000001",
                        "attributes": {
                            "associate_public_ip_address": "true",
                            "ebs_block_device.#": "0",
                            "ebs_optimized": "false",
                            "enable_monitoring": "false",
                            "ephemeral_block_device.#": "0",
                            "iam_instance_profile": "masters.slingtv-sports-cloud",
                            "id": "master-us-east-2a.masters.slingtv-sports-cloud-20180529134137750800000001",
                            "image_id": "ami-a45064c1",
                            "instance_type": "c4.large",
                            "key_name": "kubernetes.slingtv-sports-cloud-88:1f:bb:3c:10:20:1b:00:cf:7e:fb:d8:88:c8:78:db",
                            "name": "master-us-east-2a.masters.slingtv-sports-cloud-20180529134137750800000001",
                            "name_prefix": "master-us-east-2a.masters.slingtv-sports-cloud-",
                            "root_block_device.#": "1",
                            "root_block_device.0.delete_on_termination": "true",
                            "root_block_device.0.iops": "0",
                            "root_block_device.0.volume_size": "64",
                            "root_block_device.0.volume_type": "gp2",
                            "security_groups.#": "1",
                            "security_groups.2517613176": "sg-faee3590",
                            "spot_price": "",
                            "user_data": "44b690292c10fb0b892968106955b9913cfd3675",
                            "vpc_classic_link_id": "",
                            "vpc_classic_link_security_groups.#": "0"
                        },
                        "meta": {},
                        "tainted": false
                    },
                    "deposed": [],
                    "provider": "provider.aws"
                },
                "aws_launch_configuration.nodes-slingtv-sports-cloud": {
                    "type": "aws_launch_configuration",
                    "depends_on": [
                        "aws_iam_instance_profile.nodes-slingtv-sports-cloud",
                        "aws_key_pair.kubernetes-slingtv-sports-cloud-881fbb3c10201b00cf7efbd888c878db",
                        "aws_security_group.nodes-slingtv-sports-cloud"
                    ],
                    "primary": {
                        "id": "nodes.slingtv-sports-cloud-20180529134153127700000002",
                        "attributes": {
                            "associate_public_ip_address": "true",
                            "ebs_block_device.#": "0",
                            "ebs_optimized": "false",
                            "enable_monitoring": "false",
                            "ephemeral_block_device.#": "0",
                            "iam_instance_profile": "nodes.slingtv-sports-cloud",
                            "id": "nodes.slingtv-sports-cloud-20180529134153127700000002",
                            "image_id": "ami-a45064c1",
                            "instance_type": "m4.large",
                            "key_name": "kubernetes.slingtv-sports-cloud-88:1f:bb:3c:10:20:1b:00:cf:7e:fb:d8:88:c8:78:db",
                            "name": "nodes.slingtv-sports-cloud-20180529134153127700000002",
                            "name_prefix": "nodes.slingtv-sports-cloud-",
                            "root_block_device.#": "1",
                            "root_block_device.0.delete_on_termination": "true",
                            "root_block_device.0.iops": "0",
                            "root_block_device.0.volume_size": "128",
                            "root_block_device.0.volume_type": "gp2",
                            "security_groups.#": "1",
                            "security_groups.3075057367": "sg-5aee3530",
                            "spot_price": "",
                            "user_data": "eb387b0968d98ad58cbb91a93071041746fdd7bf",
                            "vpc_classic_link_id": "",
                            "vpc_classic_link_security_groups.#": "0"
                        },
                        "meta": {},
                        "tainted": false
                    },
                    "deposed": [],
                    "provider": "provider.aws"
                },
                "aws_route.0-0-0-0--0": {
                    "type": "aws_route",
                    "depends_on": [
                        "aws_internet_gateway.slingtv-sports-cloud",
                        "aws_route_table.slingtv-sports-cloud"
                    ],
                    "primary": {
                        "id": "r-rtb-bf6e60d71080289494",
                        "attributes": {
                            "destination_cidr_block": "0.0.0.0/0",
                            "destination_prefix_list_id": "",
                            "egress_only_gateway_id": "",
                            "gateway_id": "igw-925a9efa",
                            "id": "r-rtb-bf6e60d71080289494",
                            "instance_id": "",
                            "instance_owner_id": "",
                            "nat_gateway_id": "",
                            "network_interface_id": "",
                            "origin": "CreateRoute",
                            "route_table_id": "rtb-2d686645",
                            "state": "active",
                            "vpc_peering_connection_id": ""
                        },
                        "meta": {
                            "e2bfb730-ecaa-11e6-8f88-34363bc7c4c0": {
                                "create": 120000000000,
                                "delete": 300000000000
                            }
                        },
                        "tainted": false
                    },
                    "deposed": [],
                    "provider": "provider.aws"
                },
                "aws_route53_record.slingtv-sports-cloud-artifact-server": {
                    "type": "aws_route53_record",
                    "depends_on": [
                        "aws_route53_zone.slingtv-sports-cloud"
                    ],
                    "primary": {
                        "id": "Z3TUM2RCLT5F9T_artifact-server.sports-cloud.com_A",
                        "attributes": {
                            "allow_overwrite": "true",
                            "fqdn": "artifact-server.sports-cloud.com",
                            "id": "Z3TUM2RCLT5F9T_artifact-server.sports-cloud.com_A",
                            "name": "artifact-server.sports-cloud.com",
                            "records.#": "1",
                            "records.1777359269": "100.68.16.196",
                            "ttl": "300",
                            "type": "A",
                            "zone_id": "Z3TUM2RCLT5F9T"
                        },
                        "meta": {
                            "schema_version": "2"
                        },
                        "tainted": false
                    },
                    "deposed": [],
                    "provider": "provider.aws"
                },
                "aws_route53_record.slingtv-sports-cloud-docker-registry-server": {
                    "type": "aws_route53_record",
                    "depends_on": [
                        "aws_route53_zone.slingtv-sports-cloud"
                    ],
                    "primary": {
                        "id": "Z3TUM2RCLT5F9T_registry.sports-cloud.com_A",
                        "attributes": {
                            "allow_overwrite": "true",
                            "fqdn": "registry.sports-cloud.com",
                            "id": "Z3TUM2RCLT5F9T_registry.sports-cloud.com_A",
                            "name": "registry.sports-cloud.com",
                            "records.#": "1",
                            "records.1641666428": "100.69.212.32",
                            "ttl": "300",
                            "type": "A",
                            "zone_id": "Z3TUM2RCLT5F9T"
                        },
                        "meta": {
                            "schema_version": "2"
                        },
                        "tainted": false
                    },
                    "deposed": [],
                    "provider": "provider.aws"
                },
                "aws_route53_zone.slingtv-sports-cloud": {
                    "type": "aws_route53_zone",
                    "depends_on": [
                        "aws_vpc.slingtv-sports-cloud"
                    ],
                    "primary": {
                        "id": "Z3TUM2RCLT5F9T",
                        "attributes": {
                            "comment": "Sports Cloud Internal zone",
                            "force_destroy": "false",
                            "id": "Z3TUM2RCLT5F9T",
                            "name": "sports-cloud.com",
                            "name_servers.#": "4",
                            "name_servers.0": "ns-0.awsdns-00.com.",
                            "name_servers.1": "ns-1024.awsdns-00.org.",
                            "name_servers.2": "ns-1536.awsdns-00.co.uk.",
                            "name_servers.3": "ns-512.awsdns-00.net.",
                            "tags.%": "0",
                            "vpc_id": "vpc-ed460985",
                            "vpc_region": "us-east-2",
                            "zone_id": "Z3TUM2RCLT5F9T"
                        },
                        "meta": {},
                        "tainted": false
                    },
                    "deposed": [],
                    "provider": "provider.aws"
                },
                "aws_route_table.slingtv-sports-cloud": {
                    "type": "aws_route_table",
                    "depends_on": [
                        "aws_vpc.slingtv-sports-cloud"
                    ],
                    "primary": {
                        "id": "rtb-2d686645",
                        "attributes": {
                            "id": "rtb-2d686645",
                            "propagating_vgws.#": "0",
                            "route.#": "0",
                            "tags.%": "4",
                            "tags.KubernetesCluster": "slingtv-sports-cloud",
                            "tags.Name": "slingtv-sports-cloud",
                            "tags.kubernetes.io/cluster/slingtv-sports-cloud": "owned",
                            "tags.kubernetes.io/kops/role": "public",
                            "vpc_id": "vpc-ed460985"
                        },
                        "meta": {},
                        "tainted": false
                    },
                    "deposed": [],
                    "provider": "provider.aws"
                },
                "aws_route_table_association.us-east-2a-slingtv-sports-cloud": {
                    "type": "aws_route_table_association",
                    "depends_on": [
                        "aws_route_table.slingtv-sports-cloud",
                        "aws_subnet.us-east-2a-slingtv-sports-cloud"
                    ],
                    "primary": {
                        "id": "rtbassoc-c1cfa4aa",
                        "attributes": {
                            "id": "rtbassoc-c1cfa4aa",
                            "route_table_id": "rtb-2d686645",
                            "subnet_id": "subnet-247d034c"
                        },
                        "meta": {},
                        "tainted": false
                    },
                    "deposed": [],
                    "provider": "provider.aws"
                },
                "aws_route_table_association.us-east-2b-slingtv-sports-cloud": {
                    "type": "aws_route_table_association",
                    "depends_on": [
                        "aws_route_table.slingtv-sports-cloud",
                        "aws_subnet.us-east-2b-slingtv-sports-cloud"
                    ],
                    "primary": {
                        "id": "rtbassoc-89c8a3e2",
                        "attributes": {
                            "id": "rtbassoc-89c8a3e2",
                            "route_table_id": "rtb-2d686645",
                            "subnet_id": "subnet-ece35496"
                        },
                        "meta": {},
                        "tainted": false
                    },
                    "deposed": [],
                    "provider": "provider.aws"
                },
                "aws_security_group.alb-slingtv-sports-cloud": {
                    "type": "aws_security_group",
                    "depends_on": [
                        "aws_vpc.slingtv-sports-cloud"
                    ],
                    "primary": {
                        "id": "sg-baec37d0",
                        "attributes": {
                            "arn": "arn:aws:ec2:us-east-2:108333265490:security-group/sg-baec37d0",
                            "description": "Security group for alb",
                            "egress.#": "0",
                            "id": "sg-baec37d0",
                            "ingress.#": "0",
                            "name": "alb-slingtv-sports-cloud",
                            "owner_id": "108333265490",
                            "revoke_rules_on_delete": "false",
                            "tags.%": "3",
                            "tags.ManagedBy": "alb-ingress",
                            "tags.Name": "alb-slingtv-sports-cloud",
                            "tags.kubernetes.io/cluster/slingtv-sports-cloud": "owned",
                            "vpc_id": "vpc-ed460985"
                        },
                        "meta": {
                            "e2bfb730-ecaa-11e6-8f88-34363bc7c4c0": {
                                "create": 600000000000,
                                "delete": 600000000000
                            },
                            "schema_version": "1"
                        },
                        "tainted": false
                    },
                    "deposed": [],
                    "provider": "provider.aws"
                },
                "aws_security_group.api-elb-slingtv-sports-cloud": {
                    "type": "aws_security_group",
                    "depends_on": [
                        "aws_vpc.slingtv-sports-cloud"
                    ],
                    "primary": {
                        "id": "sg-aeef34c4",
                        "attributes": {
                            "arn": "arn:aws:ec2:us-east-2:108333265490:security-group/sg-aeef34c4",
                            "description": "Security group for api ELB",
                            "egress.#": "0",
                            "id": "sg-aeef34c4",
                            "ingress.#": "0",
                            "name": "api-elb.slingtv-sports-cloud",
                            "owner_id": "108333265490",
                            "revoke_rules_on_delete": "false",
                            "tags.%": "3",
                            "tags.KubernetesCluster": "slingtv-sports-cloud",
                            "tags.Name": "api-elb.slingtv-sports-cloud",
                            "tags.kubernetes.io/cluster/slingtv-sports-cloud": "owned",
                            "vpc_id": "vpc-ed460985"
                        },
                        "meta": {
                            "e2bfb730-ecaa-11e6-8f88-34363bc7c4c0": {
                                "create": 600000000000,
                                "delete": 600000000000
                            },
                            "schema_version": "1"
                        },
                        "tainted": false
                    },
                    "deposed": [],
                    "provider": "provider.aws"
                },
                "aws_security_group.masters-slingtv-sports-cloud": {
                    "type": "aws_security_group",
                    "depends_on": [
                        "aws_vpc.slingtv-sports-cloud"
                    ],
                    "primary": {
                        "id": "sg-faee3590",
                        "attributes": {
                            "arn": "arn:aws:ec2:us-east-2:108333265490:security-group/sg-faee3590",
                            "description": "Security group for masters",
                            "egress.#": "0",
                            "id": "sg-faee3590",
                            "ingress.#": "0",
                            "name": "masters.slingtv-sports-cloud",
                            "owner_id": "108333265490",
                            "revoke_rules_on_delete": "false",
                            "tags.%": "3",
                            "tags.KubernetesCluster": "slingtv-sports-cloud",
                            "tags.Name": "masters.slingtv-sports-cloud",
                            "tags.kubernetes.io/cluster/slingtv-sports-cloud": "owned",
                            "vpc_id": "vpc-ed460985"
                        },
                        "meta": {
                            "e2bfb730-ecaa-11e6-8f88-34363bc7c4c0": {
                                "create": 600000000000,
                                "delete": 600000000000
                            },
                            "schema_version": "1"
                        },
                        "tainted": false
                    },
                    "deposed": [],
                    "provider": "provider.aws"
                },
                "aws_security_group.nodes-slingtv-sports-cloud": {
                    "type": "aws_security_group",
                    "depends_on": [
                        "aws_vpc.slingtv-sports-cloud"
                    ],
                    "primary": {
                        "id": "sg-5aee3530",
                        "attributes": {
                            "arn": "arn:aws:ec2:us-east-2:108333265490:security-group/sg-5aee3530",
                            "description": "Security group for nodes",
                            "egress.#": "0",
                            "id": "sg-5aee3530",
                            "ingress.#": "0",
                            "name": "nodes.slingtv-sports-cloud",
                            "owner_id": "108333265490",
                            "revoke_rules_on_delete": "false",
                            "tags.%": "3",
                            "tags.KubernetesCluster": "slingtv-sports-cloud",
                            "tags.Name": "nodes.slingtv-sports-cloud",
                            "tags.kubernetes.io/cluster/slingtv-sports-cloud": "owned",
                            "vpc_id": "vpc-ed460985"
                        },
                        "meta": {
                            "e2bfb730-ecaa-11e6-8f88-34363bc7c4c0": {
                                "create": 600000000000,
                                "delete": 600000000000
                            },
                            "schema_version": "1"
                        },
                        "tainted": false
                    },
                    "deposed": [],
                    "provider": "provider.aws"
                },
                "aws_security_group_rule.alb-slingtv-sports-cloud-80-rule": {
                    "type": "aws_security_group_rule",
                    "depends_on": [
                        "aws_security_group.alb-slingtv-sports-cloud"
                    ],
                    "primary": {
                        "id": "sgrule-4209818755",
                        "attributes": {
                            "cidr_blocks.#": "1",
                            "cidr_blocks.0": "0.0.0.0/0",
                            "from_port": "80",
                            "id": "sgrule-4209818755",
                            "protocol": "tcp",
                            "security_group_id": "sg-baec37d0",
                            "self": "false",
                            "to_port": "80",
                            "type": "ingress"
                        },
                        "meta": {
                            "schema_version": "2"
                        },
                        "tainted": false
                    },
                    "deposed": [],
                    "provider": "provider.aws"
                },
                "aws_security_group_rule.alb-slingtv-sports-cloud-corporate-rule": {
                    "type": "aws_security_group_rule",
                    "depends_on": [
                        "aws_security_group.alb-slingtv-sports-cloud"
                    ],
                    "primary": {
                        "id": "sgrule-1416216447",
                        "attributes": {
                            "cidr_blocks.#": "2",
                            "cidr_blocks.0": "182.71.244.110/32",
                            "cidr_blocks.1": "75.62.122.254/32",
                            "from_port": "0",
                            "id": "sgrule-1416216447",
                            "protocol": "tcp",
                            "security_group_id": "sg-baec37d0",
                            "self": "false",
                            "to_port": "65535",
                            "type": "ingress"
                        },
                        "meta": {
                            "schema_version": "2"
                        },
                        "tainted": false
                    },
                    "deposed": [],
                    "provider": "provider.aws"
                },
                "aws_security_group_rule.all-master-to-master": {
                    "type": "aws_security_group_rule",
                    "depends_on": [
                        "aws_security_group.masters-slingtv-sports-cloud"
                    ],
                    "primary": {
                        "id": "sgrule-2935005940",
                        "attributes": {
                            "from_port": "0",
                            "id": "sgrule-2935005940",
                            "protocol": "-1",
                            "security_group_id": "sg-faee3590",
                            "self": "false",
                            "source_security_group_id": "sg-faee3590",
                            "to_port": "0",
                            "type": "ingress"
                        },
                        "meta": {
                            "schema_version": "2"
                        },
                        "tainted": false
                    },
                    "deposed": [],
                    "provider": "provider.aws"
                },
                "aws_security_group_rule.all-master-to-node": {
                    "type": "aws_security_group_rule",
                    "depends_on": [
                        "aws_security_group.masters-slingtv-sports-cloud",
                        "aws_security_group.nodes-slingtv-sports-cloud"
                    ],
                    "primary": {
                        "id": "sgrule-3799577105",
                        "attributes": {
                            "from_port": "0",
                            "id": "sgrule-3799577105",
                            "protocol": "-1",
                            "security_group_id": "sg-5aee3530",
                            "self": "false",
                            "source_security_group_id": "sg-faee3590",
                            "to_port": "0",
                            "type": "ingress"
                        },
                        "meta": {
                            "schema_version": "2"
                        },
                        "tainted": false
                    },
                    "deposed": [],
                    "provider": "provider.aws"
                },
                "aws_security_group_rule.all-node-to-node": {
                    "type": "aws_security_group_rule",
                    "depends_on": [
                        "aws_security_group.nodes-slingtv-sports-cloud"
                    ],
                    "primary": {
                        "id": "sgrule-3756404542",
                        "attributes": {
                            "from_port": "0",
                            "id": "sgrule-3756404542",
                            "protocol": "-1",
                            "security_group_id": "sg-5aee3530",
                            "self": "false",
                            "source_security_group_id": "sg-5aee3530",
                            "to_port": "0",
                            "type": "ingress"
                        },
                        "meta": {
                            "schema_version": "2"
                        },
                        "tainted": false
                    },
                    "deposed": [],
                    "provider": "provider.aws"
                },
                "aws_security_group_rule.api-elb-egress": {
                    "type": "aws_security_group_rule",
                    "depends_on": [
                        "aws_security_group.api-elb-slingtv-sports-cloud-k8s-local"
                    ],
                    "primary": {
                        "id": "sgrule-2541218685",
                        "attributes": {
                            "cidr_blocks.#": "1",
                            "cidr_blocks.0": "0.0.0.0/0",
                            "description": "",
                            "from_port": "0",
                            "id": "sgrule-2541218685",
                            "ipv6_cidr_blocks.#": "0",
                            "prefix_list_ids.#": "0",
                            "protocol": "-1",
                            "security_group_id": "sg-b1f229db",
                            "self": "false",
                            "to_port": "0",
                            "type": "egress"
                        },
                        "meta": {
                            "schema_version": "2"
                        },
                        "tainted": false
                    },
                    "deposed": [],
                    "provider": "provider.aws"
                },
                "aws_security_group_rule.https-api-elb-0-0-0-0--0": {
                    "type": "aws_security_group_rule",
                    "depends_on": [
                        "aws_security_group.api-elb-slingtv-sports-cloud"
                    ],
                    "primary": {
                        "id": "sgrule-3812313658",
                        "attributes": {
                            "cidr_blocks.#": "2",
                            "cidr_blocks.0": "182.71.244.110/32",
                            "cidr_blocks.1": "75.62.122.254/32",
                            "from_port": "443",
                            "id": "sgrule-3812313658",
                            "protocol": "tcp",
                            "security_group_id": "sg-aeef34c4",
                            "self": "false",
                            "to_port": "443",
                            "type": "ingress"
                        },
                        "meta": {
                            "schema_version": "2"
                        },
                        "tainted": false
                    },
                    "deposed": [],
                    "provider": "provider.aws"
                },
                "aws_security_group_rule.https-elb-to-master": {
                    "type": "aws_security_group_rule",
                    "depends_on": [
                        "aws_security_group.api-elb-slingtv-sports-cloud",
                        "aws_security_group.masters-slingtv-sports-cloud"
                    ],
                    "primary": {
                        "id": "sgrule-79719149",
                        "attributes": {
                            "from_port": "443",
                            "id": "sgrule-79719149",
                            "protocol": "tcp",
                            "security_group_id": "sg-faee3590",
                            "self": "false",
                            "source_security_group_id": "sg-aeef34c4",
                            "to_port": "443",
                            "type": "ingress"
                        },
                        "meta": {
                            "schema_version": "2"
                        },
                        "tainted": false
                    },
                    "deposed": [],
                    "provider": "provider.aws"
                },
                "aws_security_group_rule.master-egress": {
                    "type": "aws_security_group_rule",
                    "depends_on": [
                        "aws_security_group.masters-slingtv-sports-cloud"
                    ],
                    "primary": {
                        "id": "sgrule-2141286518",
                        "attributes": {
                            "cidr_blocks.#": "1",
                            "cidr_blocks.0": "0.0.0.0/0",
                            "from_port": "0",
                            "id": "sgrule-2141286518",
                            "protocol": "-1",
                            "security_group_id": "sg-faee3590",
                            "self": "false",
                            "to_port": "0",
                            "type": "egress"
                        },
                        "meta": {
                            "schema_version": "2"
                        },
                        "tainted": false
                    },
                    "deposed": [],
                    "provider": "provider.aws"
                },
                "aws_security_group_rule.node-egress": {
                    "type": "aws_security_group_rule",
                    "depends_on": [
                        "aws_security_group.nodes-slingtv-sports-cloud"
                    ],
                    "primary": {
                        "id": "sgrule-3355392007",
                        "attributes": {
                            "cidr_blocks.#": "1",
                            "cidr_blocks.0": "0.0.0.0/0",
                            "from_port": "0",
                            "id": "sgrule-3355392007",
                            "protocol": "-1",
                            "security_group_id": "sg-5aee3530",
                            "self": "false",
                            "to_port": "0",
                            "type": "egress"
                        },
                        "meta": {
                            "schema_version": "2"
                        },
                        "tainted": false
                    },
                    "deposed": [],
                    "provider": "provider.aws"
                },
                "aws_security_group_rule.node-to-master-tcp-1-2379": {
                    "type": "aws_security_group_rule",
                    "depends_on": [
                        "aws_security_group.masters-slingtv-sports-cloud",
                        "aws_security_group.nodes-slingtv-sports-cloud"
                    ],
                    "primary": {
                        "id": "sgrule-1908233934",
                        "attributes": {
                            "from_port": "1",
                            "id": "sgrule-1908233934",
                            "protocol": "tcp",
                            "security_group_id": "sg-faee3590",
                            "self": "false",
                            "source_security_group_id": "sg-5aee3530",
                            "to_port": "2379",
                            "type": "ingress"
                        },
                        "meta": {
                            "schema_version": "2"
                        },
                        "tainted": false
                    },
                    "deposed": [],
                    "provider": "provider.aws"
                },
                "aws_security_group_rule.node-to-master-tcp-2382-4000": {
                    "type": "aws_security_group_rule",
                    "depends_on": [
                        "aws_security_group.masters-slingtv-sports-cloud",
                        "aws_security_group.nodes-slingtv-sports-cloud"
                    ],
                    "primary": {
                        "id": "sgrule-650003450",
                        "attributes": {
                            "from_port": "2382",
                            "id": "sgrule-650003450",
                            "protocol": "tcp",
                            "security_group_id": "sg-faee3590",
                            "self": "false",
                            "source_security_group_id": "sg-5aee3530",
                            "to_port": "4000",
                            "type": "ingress"
                        },
                        "meta": {
                            "schema_version": "2"
                        },
                        "tainted": false
                    },
                    "deposed": [],
                    "provider": "provider.aws"
                },
                "aws_security_group_rule.node-to-master-tcp-4003-65535": {
                    "type": "aws_security_group_rule",
                    "depends_on": [
                        "aws_security_group.masters-slingtv-sports-cloud",
                        "aws_security_group.nodes-slingtv-sports-cloud"
                    ],
                    "primary": {
                        "id": "sgrule-1537831295",
                        "attributes": {
                            "from_port": "4003",
                            "id": "sgrule-1537831295",
                            "protocol": "tcp",
                            "security_group_id": "sg-faee3590",
                            "self": "false",
                            "source_security_group_id": "sg-5aee3530",
                            "to_port": "65535",
                            "type": "ingress"
                        },
                        "meta": {
                            "schema_version": "2"
                        },
                        "tainted": false
                    },
                    "deposed": [],
                    "provider": "provider.aws"
                },
                "aws_security_group_rule.node-to-master-udp-1-65535": {
                    "type": "aws_security_group_rule",
                    "depends_on": [
                        "aws_security_group.masters-slingtv-sports-cloud",
                        "aws_security_group.nodes-slingtv-sports-cloud"
                    ],
                    "primary": {
                        "id": "sgrule-4191599863",
                        "attributes": {
                            "from_port": "1",
                            "id": "sgrule-4191599863",
                            "protocol": "udp",
                            "security_group_id": "sg-faee3590",
                            "self": "false",
                            "source_security_group_id": "sg-5aee3530",
                            "to_port": "65535",
                            "type": "ingress"
                        },
                        "meta": {
                            "schema_version": "2"
                        },
                        "tainted": false
                    },
                    "deposed": [],
                    "provider": "provider.aws"
                },
                "aws_security_group_rule.ssh-external-to-master-0-0-0-0--0": {
                    "type": "aws_security_group_rule",
                    "depends_on": [
                        "aws_security_group.masters-slingtv-sports-cloud"
                    ],
                    "primary": {
                        "id": "sgrule-1658643687",
                        "attributes": {
                            "cidr_blocks.#": "1",
                            "cidr_blocks.0": "0.0.0.0/0",
                            "from_port": "22",
                            "id": "sgrule-1658643687",
                            "protocol": "tcp",
                            "security_group_id": "sg-faee3590",
                            "self": "false",
                            "to_port": "22",
                            "type": "ingress"
                        },
                        "meta": {
                            "schema_version": "2"
                        },
                        "tainted": false
                    },
                    "deposed": [],
                    "provider": "provider.aws"
                },
                "aws_security_group_rule.ssh-external-to-node-0-0-0-0--0": {
                    "type": "aws_security_group_rule",
                    "depends_on": [
                        "aws_security_group.nodes-slingtv-sports-cloud"
                    ],
                    "primary": {
                        "id": "sgrule-1676764325",
                        "attributes": {
                            "cidr_blocks.#": "1",
                            "cidr_blocks.0": "0.0.0.0/0",
                            "from_port": "22",
                            "id": "sgrule-1676764325",
                            "protocol": "tcp",
                            "security_group_id": "sg-5aee3530",
                            "self": "false",
                            "to_port": "22",
                            "type": "ingress"
                        },
                        "meta": {
                            "schema_version": "2"
                        },
                        "tainted": false
                    },
                    "deposed": [],
                    "provider": "provider.aws"
                },
                "aws_subnet.us-east-2a-slingtv-sports-cloud": {
                    "type": "aws_subnet",
                    "depends_on": [
                        "aws_vpc.slingtv-sports-cloud"
                    ],
                    "primary": {
                        "id": "subnet-247d034c",
                        "attributes": {
                            "assign_ipv6_address_on_creation": "false",
                            "availability_zone": "us-east-2a",
                            "cidr_block": "172.20.32.0/19",
                            "id": "subnet-247d034c",
                            "map_public_ip_on_launch": "false",
                            "tags.%": "6",
                            "tags.KubernetesCluster": "slingtv-sports-cloud",
                            "tags.Name": "us-east-2a.slingtv-sports-cloud",
                            "tags.SubnetType": "Public",
                            "tags.kubernetes.io/cluster/slingtv-sports-cloud": "shared",
                            "tags.kubernetes.io/role/alb-ingress": "",
                            "tags.kubernetes.io/role/elb": "1",
                            "vpc_id": "vpc-ed460985"
                        },
                        "meta": {
                            "schema_version": "1"
                        },
                        "tainted": false
                    },
                    "deposed": [],
                    "provider": "provider.aws"
                },
                "aws_subnet.us-east-2b-slingtv-sports-cloud": {
                    "type": "aws_subnet",
                    "depends_on": [
                        "aws_vpc.slingtv-sports-cloud"
                    ],
                    "primary": {
                        "id": "subnet-ece35496",
                        "attributes": {
                            "assign_ipv6_address_on_creation": "false",
                            "availability_zone": "us-east-2b",
                            "cidr_block": "172.20.64.0/19",
                            "id": "subnet-ece35496",
                            "map_public_ip_on_launch": "false",
                            "tags.%": "6",
                            "tags.KubernetesCluster": "slingtv-sports-cloud",
                            "tags.Name": "us-east-2b.slingtv-sports-cloud",
                            "tags.SubnetType": "Public",
                            "tags.kubernetes.io/cluster/slingtv-sports-cloud": "shared",
                            "tags.kubernetes.io/role/alb-ingress": "",
                            "tags.kubernetes.io/role/elb": "1",
                            "vpc_id": "vpc-ed460985"
                        },
                        "meta": {
                            "schema_version": "1"
                        },
                        "tainted": false
                    },
                    "deposed": [],
                    "provider": "provider.aws"
                },
                "aws_vpc.slingtv-sports-cloud": {
                    "type": "aws_vpc",
                    "depends_on": [],
                    "primary": {
                        "id": "vpc-ed460985",
                        "attributes": {
                            "assign_generated_ipv6_cidr_block": "false",
                            "cidr_block": "172.20.0.0/16",
                            "default_network_acl_id": "acl-a6d0f9ce",
                            "default_route_table_id": "rtb-f468669c",
                            "default_security_group_id": "sg-e5ee358f",
                            "dhcp_options_id": "dopt-1a936473",
                            "enable_dns_hostnames": "true",
                            "enable_dns_support": "true",
                            "id": "vpc-ed460985",
                            "instance_tenancy": "default",
                            "main_route_table_id": "rtb-f468669c",
                            "tags.%": "3",
                            "tags.KubernetesCluster": "slingtv-sports-cloud",
                            "tags.Name": "slingtv-sports-cloud",
                            "tags.kubernetes.io/cluster/slingtv-sports-cloud": "owned"
                        },
                        "meta": {
                            "schema_version": "1"
                        },
                        "tainted": false
                    },
                    "deposed": [],
                    "provider": "provider.aws"
                },
                "aws_vpc_dhcp_options.slingtv-sports-cloud": {
                    "type": "aws_vpc_dhcp_options",
                    "depends_on": [],
                    "primary": {
                        "id": "dopt-28567140",
                        "attributes": {
                            "domain_name": "us-east-2.compute.internal",
                            "domain_name_servers.#": "1",
                            "domain_name_servers.0": "AmazonProvidedDNS",
                            "id": "dopt-28567140",
                            "tags.%": "3",
                            "tags.KubernetesCluster": "slingtv-sports-cloud",
                            "tags.Name": "slingtv-sports-cloud",
                            "tags.kubernetes.io/cluster/slingtv-sports-cloud": "owned"
                        },
                        "meta": {},
                        "tainted": false
                    },
                    "deposed": [],
                    "provider": "provider.aws"
                },
                "aws_vpc_dhcp_options_association.slingtv-sports-cloud": {
                    "type": "aws_vpc_dhcp_options_association",
                    "depends_on": [
                        "aws_vpc.slingtv-sports-cloud",
                        "aws_vpc_dhcp_options.slingtv-sports-cloud"
                    ],
                    "primary": {
                        "id": "dopt-28567140-vpc-ed460985",
                        "attributes": {
                            "dhcp_options_id": "dopt-28567140",
                            "id": "dopt-28567140-vpc-ed460985",
                            "vpc_id": "vpc-ed460985"
                        },
                        "meta": {},
                        "tainted": false
                    },
                    "deposed": [],
                    "provider": "provider.aws"
                }
            },
            "depends_on": []
        }
    ]
}
