{
    "version": 3,
    "terraform_version": "0.11.7",
    "serial": 14,
    "lineage": "5b5d28c6-b092-314a-1fca-6f10ff2bd980",
    "modules": [
        {
            "path": [
                "root"
            ],
            "outputs": {
                "cluster_name": {
                    "sensitive": false,
                    "type": "string",
                    "value": "sports-cloud.k8s.local"
                },
                "elb_security_group_ids": {
                    "sensitive": false,
                    "type": "list",
                    "value": [
                        "sg-01499d6b"
                    ]
                },
                "master_security_group_ids": {
                    "sensitive": false,
                    "type": "list",
                    "value": [
                        "sg-fa4c9890"
                    ]
                },
                "masters_role_arn": {
                    "sensitive": false,
                    "type": "string",
                    "value": "arn:aws:iam::108333265490:role/masters.sports-cloud.k8s.local"
                },
                "masters_role_name": {
                    "sensitive": false,
                    "type": "string",
                    "value": "masters.sports-cloud.k8s.local"
                },
                "node_security_group_ids": {
                    "sensitive": false,
                    "type": "list",
                    "value": [
                        "sg-c7489cad"
                    ]
                },
                "node_subnet_ids": {
                    "sensitive": false,
                    "type": "list",
                    "value": [
                        "subnet-23deac4b",
                        "subnet-c3268db9"
                    ]
                },
                "nodes_role_arn": {
                    "sensitive": false,
                    "type": "string",
                    "value": "arn:aws:iam::108333265490:role/nodes.sports-cloud.k8s.local"
                },
                "nodes_role_name": {
                    "sensitive": false,
                    "type": "string",
                    "value": "nodes.sports-cloud.k8s.local"
                },
                "region": {
                    "sensitive": false,
                    "type": "string",
                    "value": "us-east-2"
                },
                "vpc_id": {
                    "sensitive": false,
                    "type": "string",
                    "value": "vpc-c22360aa"
                }
            },
            "resources": {
                "aws_autoscaling_attachment.master-us-east-2a-masters-sports-cloud-k8s-local": {
                    "type": "aws_autoscaling_attachment",
                    "depends_on": [
                        "aws_autoscaling_group.master-us-east-2a-masters-sports-cloud-k8s-local",
                        "aws_elb.api-sports-cloud-k8s-local"
                    ],
                    "primary": {
                        "id": "master-us-east-2a.masters.sports-cloud.k8s.local-20180524044750392800000003",
                        "attributes": {
                            "autoscaling_group_name": "master-us-east-2a.masters.sports-cloud.k8s.local",
                            "elb": "api-sports-cloud-k8s-loca-hm2iht",
                            "id": "master-us-east-2a.masters.sports-cloud.k8s.local-20180524044750392800000003"
                        },
                        "meta": {},
                        "tainted": false
                    },
                    "deposed": [],
                    "provider": "provider.aws"
                },
                "aws_autoscaling_group.master-us-east-2a-masters-sports-cloud-k8s-local": {
                    "type": "aws_autoscaling_group",
                    "depends_on": [
                        "aws_launch_configuration.master-us-east-2a-masters-sports-cloud-k8s-local",
                        "aws_subnet.us-east-2a-sports-cloud-k8s-local"
                    ],
                    "primary": {
                        "id": "master-us-east-2a.masters.sports-cloud.k8s.local",
                        "attributes": {
                            "arn": "arn:aws:autoscaling:us-east-2:108333265490:autoScalingGroup:0fcd9984-b2a9-4b6b-9816-d2f1de217e41:autoScalingGroupName/master-us-east-2a.masters.sports-cloud.k8s.local",
                            "availability_zones.#": "1",
                            "availability_zones.4293815384": "us-east-2a",
                            "default_cooldown": "300",
                            "desired_capacity": "1",
                            "enabled_metrics.#": "8",
                            "enabled_metrics.119681000": "GroupStandbyInstances",
                            "enabled_metrics.1940933563": "GroupTotalInstances",
                            "enabled_metrics.308948767": "GroupPendingInstances",
                            "enabled_metrics.3267518000": "GroupTerminatingInstances",
                            "enabled_metrics.3394537085": "GroupDesiredCapacity",
                            "enabled_metrics.3551801763": "GroupInServiceInstances",
                            "enabled_metrics.4118539418": "GroupMinSize",
                            "enabled_metrics.4136111317": "GroupMaxSize",
                            "force_delete": "false",
                            "health_check_grace_period": "300",
                            "health_check_type": "EC2",
                            "id": "master-us-east-2a.masters.sports-cloud.k8s.local",
                            "launch_configuration": "master-us-east-2a.masters.sports-cloud.k8s.local-20180524044656271600000002",
                            "launch_template.#": "0",
                            "load_balancers.#": "1",
                            "load_balancers.2259084183": "api-sports-cloud-k8s-loca-hm2iht",
                            "max_size": "1",
                            "metrics_granularity": "1Minute",
                            "min_size": "1",
                            "name": "master-us-east-2a.masters.sports-cloud.k8s.local",
                            "placement_group": "",
                            "protect_from_scale_in": "false",
                            "service_linked_role_arn": "arn:aws:iam::108333265490:role/aws-service-role/autoscaling.amazonaws.com/AWSServiceRoleForAutoScaling",
                            "suspended_processes.#": "0",
                            "tag.#": "4",
                            "tag.150791151.key": "Name",
                            "tag.150791151.propagate_at_launch": "true",
                            "tag.150791151.value": "master-us-east-2a.masters.sports-cloud.k8s.local",
                            "tag.1601041186.key": "k8s.io/role/master",
                            "tag.1601041186.propagate_at_launch": "true",
                            "tag.1601041186.value": "1",
                            "tag.3264195882.key": "KubernetesCluster",
                            "tag.3264195882.propagate_at_launch": "true",
                            "tag.3264195882.value": "sports-cloud.k8s.local",
                            "tag.4153395387.key": "k8s.io/cluster-autoscaler/node-template/label/kops.k8s.io/instancegroup",
                            "tag.4153395387.propagate_at_launch": "true",
                            "tag.4153395387.value": "master-us-east-2a",
                            "target_group_arns.#": "0",
                            "termination_policies.#": "0",
                            "vpc_zone_identifier.#": "1",
                            "vpc_zone_identifier.3777268823": "subnet-23deac4b",
                            "wait_for_capacity_timeout": "10m"
                        },
                        "meta": {
                            "e2bfb730-ecaa-11e6-8f88-34363bc7c4c0": {
                                "delete": 600000000000
                            }
                        },
                        "tainted": false
                    },
                    "deposed": [],
                    "provider": "provider.aws"
                },
                "aws_autoscaling_group.nodes-sports-cloud-k8s-local": {
                    "type": "aws_autoscaling_group",
                    "depends_on": [
                        "aws_launch_configuration.nodes-sports-cloud-k8s-local",
                        "aws_subnet.us-east-2a-sports-cloud-k8s-local",
                        "aws_subnet.us-east-2b-sports-cloud-k8s-local"
                    ],
                    "primary": {
                        "id": "nodes.sports-cloud.k8s.local",
                        "attributes": {
                            "arn": "arn:aws:autoscaling:us-east-2:108333265490:autoScalingGroup:e66777cf-18f6-49da-b852-6639fa51a7a6:autoScalingGroupName/nodes.sports-cloud.k8s.local",
                            "availability_zones.#": "2",
                            "availability_zones.1726430690": "us-east-2b",
                            "availability_zones.4293815384": "us-east-2a",
                            "default_cooldown": "300",
                            "desired_capacity": "8",
                            "enabled_metrics.#": "8",
                            "enabled_metrics.119681000": "GroupStandbyInstances",
                            "enabled_metrics.1940933563": "GroupTotalInstances",
                            "enabled_metrics.308948767": "GroupPendingInstances",
                            "enabled_metrics.3267518000": "GroupTerminatingInstances",
                            "enabled_metrics.3394537085": "GroupDesiredCapacity",
                            "enabled_metrics.3551801763": "GroupInServiceInstances",
                            "enabled_metrics.4118539418": "GroupMinSize",
                            "enabled_metrics.4136111317": "GroupMaxSize",
                            "force_delete": "false",
                            "health_check_grace_period": "300",
                            "health_check_type": "EC2",
                            "id": "nodes.sports-cloud.k8s.local",
                            "launch_configuration": "nodes.sports-cloud.k8s.local-20180524044648782000000001",
                            "launch_template.#": "0",
                            "load_balancers.#": "0",
                            "max_size": "8",
                            "metrics_granularity": "1Minute",
                            "min_size": "8",
                            "name": "nodes.sports-cloud.k8s.local",
                            "placement_group": "",
                            "protect_from_scale_in": "false",
                            "service_linked_role_arn": "arn:aws:iam::108333265490:role/aws-service-role/autoscaling.amazonaws.com/AWSServiceRoleForAutoScaling",
                            "suspended_processes.#": "0",
                            "tag.#": "4",
                            "tag.1967977115.key": "k8s.io/role/node",
                            "tag.1967977115.propagate_at_launch": "true",
                            "tag.1967977115.value": "1",
                            "tag.3264195882.key": "KubernetesCluster",
                            "tag.3264195882.propagate_at_launch": "true",
                            "tag.3264195882.value": "sports-cloud.k8s.local",
                            "tag.3339727580.key": "Name",
                            "tag.3339727580.propagate_at_launch": "true",
                            "tag.3339727580.value": "nodes.sports-cloud.k8s.local",
                            "tag.859419842.key": "k8s.io/cluster-autoscaler/node-template/label/kops.k8s.io/instancegroup",
                            "tag.859419842.propagate_at_launch": "true",
                            "tag.859419842.value": "nodes",
                            "target_group_arns.#": "0",
                            "termination_policies.#": "0",
                            "vpc_zone_identifier.#": "2",
                            "vpc_zone_identifier.2128479741": "subnet-c3268db9",
                            "vpc_zone_identifier.3777268823": "subnet-23deac4b",
                            "wait_for_capacity_timeout": "10m"
                        },
                        "meta": {
                            "e2bfb730-ecaa-11e6-8f88-34363bc7c4c0": {
                                "delete": 600000000000
                            }
                        },
                        "tainted": false
                    },
                    "deposed": [],
                    "provider": "provider.aws"
                },
                "aws_ebs_volume.a-etcd-events-sports-cloud-k8s-local": {
                    "type": "aws_ebs_volume",
                    "depends_on": [],
                    "primary": {
                        "id": "vol-0920d2e5fb9af4658",
                        "attributes": {
                            "arn": "arn:aws:ec2:us-east-2:108333265490:volume/vol-0920d2e5fb9af4658",
                            "availability_zone": "us-east-2a",
                            "encrypted": "false",
                            "id": "vol-0920d2e5fb9af4658",
                            "size": "20",
                            "snapshot_id": "",
                            "tags.%": "5",
                            "tags.KubernetesCluster": "sports-cloud.k8s.local",
                            "tags.Name": "a.etcd-events.sports-cloud.k8s.local",
                            "tags.k8s.io/etcd/events": "a/a",
                            "tags.k8s.io/role/master": "1",
                            "tags.kubernetes.io/cluster/sports-cloud.k8s.local": "owned",
                            "type": "gp2"
                        },
                        "meta": {},
                        "tainted": false
                    },
                    "deposed": [],
                    "provider": "provider.aws"
                },
                "aws_ebs_volume.a-etcd-main-sports-cloud-k8s-local": {
                    "type": "aws_ebs_volume",
                    "depends_on": [],
                    "primary": {
                        "id": "vol-076328cf45ec4f8de",
                        "attributes": {
                            "arn": "arn:aws:ec2:us-east-2:108333265490:volume/vol-076328cf45ec4f8de",
                            "availability_zone": "us-east-2a",
                            "encrypted": "false",
                            "id": "vol-076328cf45ec4f8de",
                            "size": "20",
                            "snapshot_id": "",
                            "tags.%": "5",
                            "tags.KubernetesCluster": "sports-cloud.k8s.local",
                            "tags.Name": "a.etcd-main.sports-cloud.k8s.local",
                            "tags.k8s.io/etcd/main": "a/a",
                            "tags.k8s.io/role/master": "1",
                            "tags.kubernetes.io/cluster/sports-cloud.k8s.local": "owned",
                            "type": "gp2"
                        },
                        "meta": {},
                        "tainted": false
                    },
                    "deposed": [],
                    "provider": "provider.aws"
                },
                "aws_elb.api-sports-cloud-k8s-local": {
                    "type": "aws_elb",
                    "depends_on": [
                        "aws_security_group.api-elb-sports-cloud-k8s-local",
                        "aws_subnet.us-east-2a-sports-cloud-k8s-local",
                        "aws_subnet.us-east-2b-sports-cloud-k8s-local"
                    ],
                    "primary": {
                        "id": "api-sports-cloud-k8s-loca-hm2iht",
                        "attributes": {
                            "access_logs.#": "0",
                            "arn": "arn:aws:elasticloadbalancing:us-east-2:108333265490:loadbalancer/api-sports-cloud-k8s-loca-hm2iht",
                            "availability_zones.#": "2",
                            "availability_zones.1726430690": "us-east-2b",
                            "availability_zones.4293815384": "us-east-2a",
                            "connection_draining": "false",
                            "connection_draining_timeout": "300",
                            "cross_zone_load_balancing": "true",
                            "dns_name": "api-sports-cloud-k8s-loca-hm2iht-176975708.us-east-2.elb.amazonaws.com",
                            "health_check.#": "1",
                            "health_check.0.healthy_threshold": "2",
                            "health_check.0.interval": "10",
                            "health_check.0.target": "SSL:443",
                            "health_check.0.timeout": "5",
                            "health_check.0.unhealthy_threshold": "2",
                            "id": "api-sports-cloud-k8s-loca-hm2iht",
                            "idle_timeout": "300",
                            "instances.#": "1",
                            "instances.167119652": "i-0f28590764d15209b",
                            "internal": "false",
                            "listener.#": "1",
                            "listener.610193557.instance_port": "443",
                            "listener.610193557.instance_protocol": "tcp",
                            "listener.610193557.lb_port": "443",
                            "listener.610193557.lb_protocol": "tcp",
                            "listener.610193557.ssl_certificate_id": "",
                            "name": "api-sports-cloud-k8s-loca-hm2iht",
                            "security_groups.#": "1",
                            "security_groups.2152941678": "sg-c7489cad",
                            "source_security_group": "108333265490/api-elb.sports-cloud.k8s.local",
                            "source_security_group_id": "sg-c7489cad",
                            "subnets.#": "2",
                            "subnets.2128479741": "subnet-c3268db9",
                            "subnets.3777268823": "subnet-23deac4b",
                            "tags.%": "2",
                            "tags.KubernetesCluster": "sports-cloud.k8s.local",
                            "tags.Name": "api.sports-cloud.k8s.local",
                            "zone_id": "Z3AADJGX6KTTL2"
                        },
                        "meta": {},
                        "tainted": false
                    },
                    "deposed": [],
                    "provider": "provider.aws"
                },
                "aws_iam_instance_profile.masters-sports-cloud-k8s-local": {
                    "type": "aws_iam_instance_profile",
                    "depends_on": [
                        "aws_iam_role.masters-sports-cloud-k8s-local"
                    ],
                    "primary": {
                        "id": "masters.sports-cloud.k8s.local",
                        "attributes": {
                            "arn": "arn:aws:iam::108333265490:instance-profile/masters.sports-cloud.k8s.local",
                            "id": "masters.sports-cloud.k8s.local",
                            "name": "masters.sports-cloud.k8s.local",
                            "path": "/",
                            "role": "masters.sports-cloud.k8s.local",
                            "roles.#": "1",
                            "roles.1128306136": "masters.sports-cloud.k8s.local",
                            "unique_id": "AIPAIXY5TOTPE7DGG632I"
                        },
                        "meta": {},
                        "tainted": false
                    },
                    "deposed": [],
                    "provider": "provider.aws"
                },
                "aws_iam_instance_profile.nodes-sports-cloud-k8s-local": {
                    "type": "aws_iam_instance_profile",
                    "depends_on": [
                        "aws_iam_role.nodes-sports-cloud-k8s-local"
                    ],
                    "primary": {
                        "id": "nodes.sports-cloud.k8s.local",
                        "attributes": {
                            "arn": "arn:aws:iam::108333265490:instance-profile/nodes.sports-cloud.k8s.local",
                            "id": "nodes.sports-cloud.k8s.local",
                            "name": "nodes.sports-cloud.k8s.local",
                            "path": "/",
                            "role": "nodes.sports-cloud.k8s.local",
                            "roles.#": "1",
                            "roles.1128580420": "nodes.sports-cloud.k8s.local",
                            "unique_id": "AIPAJ2YVP62I75LZCABWQ"
                        },
                        "meta": {},
                        "tainted": false
                    },
                    "deposed": [],
                    "provider": "provider.aws"
                },
                "aws_iam_role.masters-sports-cloud-k8s-local": {
                    "type": "aws_iam_role",
                    "depends_on": [],
                    "primary": {
                        "id": "masters.sports-cloud.k8s.local",
                        "attributes": {
                            "arn": "arn:aws:iam::108333265490:role/masters.sports-cloud.k8s.local",
                            "assume_role_policy": "{\"Version\":\"2012-10-17\",\"Statement\":[{\"Effect\":\"Allow\",\"Principal\":{\"Service\":\"ec2.amazonaws.com\"},\"Action\":\"sts:AssumeRole\"}]}",
                            "create_date": "2018-05-24T04:45:43Z",
                            "force_detach_policies": "false",
                            "id": "masters.sports-cloud.k8s.local",
                            "max_session_duration": "3600",
                            "name": "masters.sports-cloud.k8s.local",
                            "path": "/",
                            "unique_id": "AROAIMDUH5BMUT4MFRXMS"
                        },
                        "meta": {},
                        "tainted": false
                    },
                    "deposed": [],
                    "provider": "provider.aws"
                },
                "aws_iam_role.nodes-sports-cloud-k8s-local": {
                    "type": "aws_iam_role",
                    "depends_on": [],
                    "primary": {
                        "id": "nodes.sports-cloud.k8s.local",
                        "attributes": {
                            "arn": "arn:aws:iam::108333265490:role/nodes.sports-cloud.k8s.local",
                            "assume_role_policy": "{\"Version\":\"2012-10-17\",\"Statement\":[{\"Effect\":\"Allow\",\"Principal\":{\"Service\":\"ec2.amazonaws.com\"},\"Action\":\"sts:AssumeRole\"}]}",
                            "create_date": "2018-05-24T04:45:43Z",
                            "force_detach_policies": "false",
                            "id": "nodes.sports-cloud.k8s.local",
                            "max_session_duration": "3600",
                            "name": "nodes.sports-cloud.k8s.local",
                            "path": "/",
                            "unique_id": "AROAI7PDZW7ODVP4YTPKI"
                        },
                        "meta": {},
                        "tainted": false
                    },
                    "deposed": [],
                    "provider": "provider.aws"
                },
                "aws_iam_role_policy.masters-sports-cloud-k8s-local": {
                    "type": "aws_iam_role_policy",
                    "depends_on": [
                        "aws_iam_role.masters-sports-cloud-k8s-local"
                    ],
                    "primary": {
                        "id": "masters.sports-cloud.k8s.local:masters.sports-cloud.k8s.local",
                        "attributes": {
                            "id": "masters.sports-cloud.k8s.local:masters.sports-cloud.k8s.local",
                            "name": "masters.sports-cloud.k8s.local",
                            "policy": "{\n  \"Version\": \"2012-10-17\",\n  \"Statement\": [\n    {\n      \"Sid\": \"kopsK8sEC2MasterPermsDescribeResources\",\n      \"Effect\": \"Allow\",\n      \"Action\": [\n        \"ec2:DescribeInstances\",\n        \"ec2:DescribeRegions\",\n        \"ec2:DescribeRouteTables\",\n        \"ec2:DescribeSecurityGroups\",\n        \"ec2:DescribeSubnets\",\n        \"ec2:DescribeVolumes\"\n      ],\n      \"Resource\": [\n        \"*\"\n      ]\n    },\n    {\n      \"Sid\": \"kopsK8sEC2MasterPermsAllResources\",\n      \"Effect\": \"Allow\",\n      \"Action\": [\n        \"ec2:CreateSecurityGroup\",\n        \"ec2:CreateTags\",\n        \"ec2:CreateVolume\",\n        \"ec2:ModifyInstanceAttribute\"\n      ],\n      \"Resource\": [\n        \"*\"\n      ]\n    },\n    {\n      \"Sid\": \"kopsK8sEC2MasterPermsTaggedResources\",\n      \"Effect\": \"Allow\",\n      \"Action\": [\n        \"ec2:AttachVolume\",\n        \"ec2:AuthorizeSecurityGroupIngress\",\n        \"ec2:CreateRoute\",\n        \"ec2:DeleteRoute\",\n        \"ec2:DeleteSecurityGroup\",\n        \"ec2:DeleteVolume\",\n        \"ec2:DetachVolume\",\n        \"ec2:RevokeSecurityGroupIngress\"\n      ],\n      \"Resource\": [\n        \"*\"\n      ],\n      \"Condition\": {\n        \"StringEquals\": {\n          \"ec2:ResourceTag/KubernetesCluster\": \"sports-cloud.k8s.local\"\n        }\n      }\n    },\n    {\n      \"Sid\": \"kopsK8sASMasterPermsAllResources\",\n      \"Effect\": \"Allow\",\n      \"Action\": [\n        \"autoscaling:DescribeAutoScalingGroups\",\n        \"autoscaling:DescribeLaunchConfigurations\",\n        \"autoscaling:DescribeTags\",\n        \"autoscaling:GetAsgForInstance\"\n      ],\n      \"Resource\": [\n        \"*\"\n      ]\n    },\n    {\n      \"Sid\": \"kopsK8sASMasterPermsTaggedResources\",\n      \"Effect\": \"Allow\",\n      \"Action\": [\n        \"autoscaling:SetDesiredCapacity\",\n        \"autoscaling:TerminateInstanceInAutoScalingGroup\",\n        \"autoscaling:UpdateAutoScalingGroup\"\n      ],\n      \"Resource\": [\n        \"*\"\n      ],\n      \"Condition\": {\n        \"StringEquals\": {\n          \"autoscaling:ResourceTag/KubernetesCluster\": \"sports-cloud.k8s.local\"\n        }\n      }\n    },\n    {\n      \"Sid\": \"kopsK8sELBMasterPermsRestrictive\",\n      \"Effect\": \"Allow\",\n      \"Action\": [\n        \"elasticloadbalancing:AddTags\",\n        \"elasticloadbalancing:AttachLoadBalancerToSubnets\",\n        \"elasticloadbalancing:ApplySecurityGroupsToLoadBalancer\",\n        \"elasticloadbalancing:CreateLoadBalancer\",\n        \"elasticloadbalancing:CreateLoadBalancerPolicy\",\n        \"elasticloadbalancing:CreateLoadBalancerListeners\",\n        \"elasticloadbalancing:ConfigureHealthCheck\",\n        \"elasticloadbalancing:DeleteLoadBalancer\",\n        \"elasticloadbalancing:DeleteLoadBalancerListeners\",\n        \"elasticloadbalancing:DescribeLoadBalancers\",\n        \"elasticloadbalancing:DescribeLoadBalancerAttributes\",\n        \"elasticloadbalancing:DetachLoadBalancerFromSubnets\",\n        \"elasticloadbalancing:DeregisterInstancesFromLoadBalancer\",\n        \"elasticloadbalancing:ModifyLoadBalancerAttributes\",\n        \"elasticloadbalancing:RegisterInstancesWithLoadBalancer\",\n        \"elasticloadbalancing:SetLoadBalancerPoliciesForBackendServer\"\n      ],\n      \"Resource\": [\n        \"*\"\n      ]\n    },\n    {\n      \"Sid\": \"kopsK8sNLBMasterPermsRestrictive\",\n      \"Effect\": \"Allow\",\n      \"Action\": [\n        \"ec2:DescribeVpcs\",\n        \"elasticloadbalancing:AddTags\",\n        \"elasticloadbalancing:CreateListener\",\n        \"elasticloadbalancing:CreateTargetGroup\",\n        \"elasticloadbalancing:DeleteListener\",\n        \"elasticloadbalancing:DeleteTargetGroup\",\n        \"elasticloadbalancing:DescribeListeners\",\n        \"elasticloadbalancing:DescribeLoadBalancerPolicies\",\n        \"elasticloadbalancing:DescribeTargetGroups\",\n        \"elasticloadbalancing:DescribeTargetHealth\",\n        \"elasticloadbalancing:ModifyListener\",\n        \"elasticloadbalancing:ModifyTargetGroup\",\n        \"elasticloadbalancing:RegisterTargets\",\n        \"elasticloadbalancing:SetLoadBalancerPoliciesOfListener\"\n      ],\n      \"Resource\": [\n        \"*\"\n      ]\n    },\n    {\n      \"Sid\": \"kopsMasterCertIAMPerms\",\n      \"Effect\": \"Allow\",\n      \"Action\": [\n        \"iam:ListServerCertificates\",\n        \"iam:GetServerCertificate\"\n      ],\n      \"Resource\": [\n        \"*\"\n      ]\n    },\n    {\n      \"Sid\": \"kopsK8sS3GetListBucket\",\n      \"Effect\": \"Allow\",\n      \"Action\": [\n        \"s3:GetBucketLocation\",\n        \"s3:ListBucket\"\n      ],\n      \"Resource\": [\n        \"arn:aws:s3:::kubernetes-slingtv-state-store\"\n      ]\n    },\n    {\n      \"Sid\": \"kopsK8sS3MasterBucketFullGet\",\n      \"Effect\": \"Allow\",\n      \"Action\": [\n        \"s3:Get*\"\n      ],\n      \"Resource\": \"arn:aws:s3:::kubernetes-slingtv-state-store/sports-cloud.k8s.local/*\"\n    },\n    {\n      \"Sid\": \"kopsK8sECR\",\n      \"Effect\": \"Allow\",\n      \"Action\": [\n        \"ecr:GetAuthorizationToken\",\n        \"ecr:BatchCheckLayerAvailability\",\n        \"ecr:GetDownloadUrlForLayer\",\n        \"ecr:GetRepositoryPolicy\",\n        \"ecr:DescribeRepositories\",\n        \"ecr:ListImages\",\n        \"ecr:BatchGetImage\"\n      ],\n      \"Resource\": [\n        \"*\"\n      ]\n    }\n  ]\n}",
                            "role": "masters.sports-cloud.k8s.local"
                        },
                        "meta": {},
                        "tainted": false
                    },
                    "deposed": [],
                    "provider": "provider.aws"
                },
                "aws_iam_role_policy.nodes-sports-cloud-k8s-local": {
                    "type": "aws_iam_role_policy",
                    "depends_on": [
                        "aws_iam_role.nodes-sports-cloud-k8s-local"
                    ],
                    "primary": {
                        "id": "nodes.sports-cloud.k8s.local:nodes.sports-cloud.k8s.local",
                        "attributes": {
                            "id": "nodes.sports-cloud.k8s.local:nodes.sports-cloud.k8s.local",
                            "name": "nodes.sports-cloud.k8s.local",
                            "policy": "{\n  \"Version\": \"2012-10-17\",\n  \"Statement\": [\n    {\n      \"Sid\": \"kopsK8sEC2NodePerms\",\n      \"Effect\": \"Allow\",\n      \"Action\": [\n        \"ec2:DescribeInstances\",\n        \"ec2:DescribeRegions\"\n      ],\n      \"Resource\": [\n        \"*\"\n      ]\n    },\n    {\n      \"Sid\": \"kopsK8sS3GetListBucket\",\n      \"Effect\": \"Allow\",\n      \"Action\": [\n        \"s3:GetBucketLocation\",\n        \"s3:ListBucket\"\n      ],\n      \"Resource\": [\n        \"arn:aws:s3:::kubernetes-slingtv-state-store\"\n      ]\n    },\n    {\n      \"Sid\": \"kopsK8sS3NodeBucketSelectiveGet\",\n      \"Effect\": \"Allow\",\n      \"Action\": [\n        \"s3:Get*\"\n      ],\n      \"Resource\": [\n        \"arn:aws:s3:::kubernetes-slingtv-state-store/sports-cloud.k8s.local/addons/*\",\n        \"arn:aws:s3:::kubernetes-slingtv-state-store/sports-cloud.k8s.local/cluster.spec\",\n        \"arn:aws:s3:::kubernetes-slingtv-state-store/sports-cloud.k8s.local/config\",\n        \"arn:aws:s3:::kubernetes-slingtv-state-store/sports-cloud.k8s.local/instancegroup/*\",\n        \"arn:aws:s3:::kubernetes-slingtv-state-store/sports-cloud.k8s.local/pki/issued/*\",\n        \"arn:aws:s3:::kubernetes-slingtv-state-store/sports-cloud.k8s.local/pki/private/kube-proxy/*\",\n        \"arn:aws:s3:::kubernetes-slingtv-state-store/sports-cloud.k8s.local/pki/private/kubelet/*\",\n        \"arn:aws:s3:::kubernetes-slingtv-state-store/sports-cloud.k8s.local/pki/ssh/*\",\n        \"arn:aws:s3:::kubernetes-slingtv-state-store/sports-cloud.k8s.local/secrets/dockerconfig\"\n      ]\n    },\n    {\n      \"Sid\": \"kopsK8sECR\",\n      \"Effect\": \"Allow\",\n      \"Action\": [\n        \"ecr:GetAuthorizationToken\",\n        \"ecr:BatchCheckLayerAvailability\",\n        \"ecr:GetDownloadUrlForLayer\",\n        \"ecr:GetRepositoryPolicy\",\n        \"ecr:DescribeRepositories\",\n        \"ecr:ListImages\",\n        \"ecr:BatchGetImage\"\n      ],\n      \"Resource\": [\n        \"*\"\n      ]\n    }\n  ]\n}",
                            "role": "nodes.sports-cloud.k8s.local"
                        },
                        "meta": {},
                        "tainted": false
                    },
                    "deposed": [],
                    "provider": "provider.aws"
                },
                "aws_internet_gateway.sports-cloud-k8s-local": {
                    "type": "aws_internet_gateway",
                    "depends_on": [
                        "aws_vpc.sports-cloud-k8s-local"
                    ],
                    "primary": {
                        "id": "igw-13ee147b",
                        "attributes": {
                            "id": "igw-13ee147b",
                            "tags.%": "3",
                            "tags.KubernetesCluster": "sports-cloud.k8s.local",
                            "tags.Name": "sports-cloud.k8s.local",
                            "tags.kubernetes.io/cluster/sports-cloud.k8s.local": "owned",
                            "vpc_id": "vpc-c22360aa"
                        },
                        "meta": {},
                        "tainted": false
                    },
                    "deposed": [],
                    "provider": "provider.aws"
                },
                "aws_key_pair.kubernetes-sports-cloud-k8s-local-881fbb3c10201b00cf7efbd888c878db": {
                    "type": "aws_key_pair",
                    "depends_on": [],
                    "primary": {
                        "id": "kubernetes.sports-cloud.k8s.local-88:1f:bb:3c:10:20:1b:00:cf:7e:fb:d8:88:c8:78:db",
                        "attributes": {
                            "fingerprint": "9a:a9:a4:91:7f:4d:44:b6:dc:f4:5e:a3:7a:2d:7f:4e",
                            "id": "kubernetes.sports-cloud.k8s.local-88:1f:bb:3c:10:20:1b:00:cf:7e:fb:d8:88:c8:78:db",
                            "key_name": "kubernetes.sports-cloud.k8s.local-88:1f:bb:3c:10:20:1b:00:cf:7e:fb:d8:88:c8:78:db",
                            "public_key": "ssh-rsa AAAAB3NzaC1yc2EAAAADAQABAAABAQDEsOidZifD7j5H1jE3ztF0Nr/NuFY8UlZvZ2SyU4qcF7D/bQx1BY0fR9HkA3e2RMnJv3mzJm0fz1ZyZKRCS6tOcNC3Ea2LzfG1Zq6Wn56cJwUW3Etp+jDaGLPLq2x/V39H74xENssWboJKZKyU0RQYFUT35pj9kQkO3HYEuIozPI05ULF6jAoDf6UjJmtm76wFOapJEKD3gjyALC4DzX8IUYARKxs/V4InHcnuVigT9y+3X3MQwQX5CVD/UlR46QEWjPENd3tgqb2iSYNiajzAI6WHDMzdm/cjt8QEDMC5UHt0VCLu7e3+wzh/tfbkFBurgU2mBYaddaHBAtdvlmgb arung@IN4454-01"
                        },
                        "meta": {
                            "schema_version": "1"
                        },
                        "tainted": false
                    },
                    "deposed": [],
                    "provider": "provider.aws"
                },
                "aws_launch_configuration.master-us-east-2a-masters-sports-cloud-k8s-local": {
                    "type": "aws_launch_configuration",
                    "depends_on": [
                        "aws_iam_instance_profile.masters-sports-cloud-k8s-local",
                        "aws_key_pair.kubernetes-sports-cloud-k8s-local-881fbb3c10201b00cf7efbd888c878db",
                        "aws_security_group.masters-sports-cloud-k8s-local"
                    ],
                    "primary": {
                        "id": "master-us-east-2a.masters.sports-cloud.k8s.local-20180524044656271600000002",
                        "attributes": {
                            "associate_public_ip_address": "true",
                            "ebs_block_device.#": "0",
                            "ebs_optimized": "false",
                            "enable_monitoring": "false",
                            "ephemeral_block_device.#": "0",
                            "iam_instance_profile": "masters.sports-cloud.k8s.local",
                            "id": "master-us-east-2a.masters.sports-cloud.k8s.local-20180524044656271600000002",
                            "image_id": "ami-a45064c1",
                            "instance_type": "c4.large",
                            "key_name": "kubernetes.sports-cloud.k8s.local-88:1f:bb:3c:10:20:1b:00:cf:7e:fb:d8:88:c8:78:db",
                            "name": "master-us-east-2a.masters.sports-cloud.k8s.local-20180524044656271600000002",
                            "name_prefix": "master-us-east-2a.masters.sports-cloud.k8s.local-",
                            "root_block_device.#": "1",
                            "root_block_device.0.delete_on_termination": "true",
                            "root_block_device.0.iops": "0",
                            "root_block_device.0.volume_size": "64",
                            "root_block_device.0.volume_type": "gp2",
                            "security_groups.#": "1",
                            "security_groups.3120097213": "sg-fa4c9890",
                            "spot_price": "",
                            "user_data": "4a71d46b25d033d33f6e872a5d6d5c32c0d95bcb",
                            "vpc_classic_link_id": "",
                            "vpc_classic_link_security_groups.#": "0"
                        },
                        "meta": {},
                        "tainted": false
                    },
                    "deposed": [],
                    "provider": "provider.aws"
                },
                "aws_launch_configuration.nodes-sports-cloud-k8s-local": {
                    "type": "aws_launch_configuration",
                    "depends_on": [
                        "aws_iam_instance_profile.nodes-sports-cloud-k8s-local",
                        "aws_key_pair.kubernetes-sports-cloud-k8s-local-881fbb3c10201b00cf7efbd888c878db",
                        "aws_security_group.nodes-sports-cloud-k8s-local"
                    ],
                    "primary": {
                        "id": "nodes.sports-cloud.k8s.local-20180524044648782000000001",
                        "attributes": {
                            "associate_public_ip_address": "true",
                            "ebs_block_device.#": "0",
                            "ebs_optimized": "false",
                            "enable_monitoring": "false",
                            "ephemeral_block_device.#": "0",
                            "iam_instance_profile": "nodes.sports-cloud.k8s.local",
                            "id": "nodes.sports-cloud.k8s.local-20180524044648782000000001",
                            "image_id": "ami-a45064c1",
                            "instance_type": "m4.large",
                            "key_name": "kubernetes.sports-cloud.k8s.local-88:1f:bb:3c:10:20:1b:00:cf:7e:fb:d8:88:c8:78:db",
                            "name": "nodes.sports-cloud.k8s.local-20180524044648782000000001",
                            "name_prefix": "nodes.sports-cloud.k8s.local-",
                            "root_block_device.#": "1",
                            "root_block_device.0.delete_on_termination": "true",
                            "root_block_device.0.iops": "0",
                            "root_block_device.0.volume_size": "128",
                            "root_block_device.0.volume_type": "gp2",
                            "security_groups.#": "1",
                            "security_groups.480041186": "sg-01499d6b",
                            "spot_price": "",
                            "user_data": "e42410c30a5543bad1ef09d9d428a84fc10bb9c2",
                            "vpc_classic_link_id": "",
                            "vpc_classic_link_security_groups.#": "0"
                        },
                        "meta": {},
                        "tainted": false
                    },
                    "deposed": [],
                    "provider": "provider.aws"
                },
                "aws_route.0-0-0-0--0": {
                    "type": "aws_route",
                    "depends_on": [
                        "aws_internet_gateway.sports-cloud-k8s-local",
                        "aws_route_table.sports-cloud-k8s-local"
                    ],
                    "primary": {
                        "id": "r-rtb-46383b2e1080289494",
                        "attributes": {
                            "destination_cidr_block": "0.0.0.0/0",
                            "destination_prefix_list_id": "",
                            "egress_only_gateway_id": "",
                            "gateway_id": "igw-13ee147b",
                            "id": "r-rtb-46383b2e1080289494",
                            "instance_id": "",
                            "instance_owner_id": "",
                            "nat_gateway_id": "",
                            "network_interface_id": "",
                            "origin": "CreateRoute",
                            "route_table_id": "rtb-46383b2e",
                            "state": "active",
                            "vpc_peering_connection_id": ""
                        },
                        "meta": {
                            "e2bfb730-ecaa-11e6-8f88-34363bc7c4c0": {
                                "create": 120000000000,
                                "delete": 300000000000
                            }
                        },
                        "tainted": false
                    },
                    "deposed": [],
                    "provider": "provider.aws"
                },
                "aws_route53_record.sports-cloud-k8s-local-artifact-server": {
                    "type": "aws_route53_record",
                    "depends_on": [
                        "aws_route53_zone.sports-cloud-k8s-local"
                    ],
                    "primary": {
                        "id": "Z39KGWRJI805TC_artifact-server.sports-cloud.com_A",
                        "attributes": {
                            "allow_overwrite": "true",
                            "fqdn": "artifact-server.sports-cloud.com",
                            "health_check_id": "",
                            "id": "Z39KGWRJI805TC_artifact-server.sports-cloud.com_A",
                            "name": "artifact-server.sports-cloud.com",
                            "records.#": "1",
                            "records.1777359269": "100.68.16.196",
                            "set_identifier": "",
                            "ttl": "300",
                            "type": "A",
                            "zone_id": "Z39KGWRJI805TC"
                        },
                        "meta": {
                            "schema_version": "2"
                        },
                        "tainted": false
                    },
                    "deposed": [],
                    "provider": "provider.aws"
                },
                "aws_route53_record.sports-cloud-k8s-local-docker-registry-server": {
                    "type": "aws_route53_record",
                    "depends_on": [
                        "aws_route53_zone.sports-cloud-k8s-local"
                    ],
                    "primary": {
                        "id": "Z39KGWRJI805TC_registry.sports-cloud.com_A",
                        "attributes": {
                            "allow_overwrite": "true",
                            "fqdn": "registry.sports-cloud.com",
                            "health_check_id": "",
                            "id": "Z39KGWRJI805TC_registry.sports-cloud.com_A",
                            "name": "registry.sports-cloud.com",
                            "records.#": "1",
                            "records.1641666428": "100.69.212.32",
                            "set_identifier": "",
                            "ttl": "300",
                            "type": "A",
                            "zone_id": "Z39KGWRJI805TC"
                        },
                        "meta": {
                            "schema_version": "2"
                        },
                        "tainted": false
                    },
                    "deposed": [],
                    "provider": "provider.aws"
                },
                "aws_route53_zone.sports-cloud-k8s-local": {
                    "type": "aws_route53_zone",
                    "depends_on": [
                        "aws_vpc.sports-cloud-k8s-local"
                    ],
                    "primary": {
                        "id": "Z39KGWRJI805TC",
                        "attributes": {
                            "comment": "Sports Cloud Internal zone",
                            "force_destroy": "false",
                            "id": "Z39KGWRJI805TC",
                            "name": "sports-cloud.com",
                            "name_servers.#": "4",
                            "name_servers.0": "ns-0.awsdns-00.com.",
                            "name_servers.1": "ns-1024.awsdns-00.org.",
                            "name_servers.2": "ns-1536.awsdns-00.co.uk.",
                            "name_servers.3": "ns-512.awsdns-00.net.",
                            "tags.%": "0",
                            "vpc_id": "vpc-c22360aa",
                            "vpc_region": "us-east-2",
                            "zone_id": "Z39KGWRJI805TC"
                        },
                        "meta": {},
                        "tainted": false
                    },
                    "deposed": [],
                    "provider": "provider.aws"
                },
                "aws_route_table.sports-cloud-k8s-local": {
                    "type": "aws_route_table",
                    "depends_on": [
                        "aws_vpc.sports-cloud-k8s-local"
                    ],
                    "primary": {
                        "id": "rtb-46383b2e",
                        "attributes": {
                            "id": "rtb-46383b2e",
                            "propagating_vgws.#": "0",
                            "route.#": "10",
                            "route.1016199150.cidr_block": "100.96.0.0/24",
                            "route.1016199150.egress_only_gateway_id": "",
                            "route.1016199150.gateway_id": "",
                            "route.1016199150.instance_id": "i-0f28590764d15209b",
                            "route.1016199150.ipv6_cidr_block": "",
                            "route.1016199150.nat_gateway_id": "",
                            "route.1016199150.network_interface_id": "eni-4a69331b",
                            "route.1016199150.vpc_peering_connection_id": "",
                            "route.1903460078.cidr_block": "100.96.6.0/24",
                            "route.1903460078.egress_only_gateway_id": "",
                            "route.1903460078.gateway_id": "",
                            "route.1903460078.instance_id": "i-011237b0099e270fd",
                            "route.1903460078.ipv6_cidr_block": "",
                            "route.1903460078.nat_gateway_id": "",
                            "route.1903460078.network_interface_id": "eni-37603a66",
                            "route.1903460078.vpc_peering_connection_id": "",
                            "route.210673973.cidr_block": "100.96.5.0/24",
                            "route.210673973.egress_only_gateway_id": "",
                            "route.210673973.gateway_id": "",
                            "route.210673973.instance_id": "i-0657adc64a7395ecd",
                            "route.210673973.ipv6_cidr_block": "",
                            "route.210673973.nat_gateway_id": "",
                            "route.210673973.network_interface_id": "eni-7bb94d2c",
                            "route.210673973.vpc_peering_connection_id": "",
                            "route.2486963590.cidr_block": "100.96.4.0/24",
                            "route.2486963590.egress_only_gateway_id": "",
                            "route.2486963590.gateway_id": "",
                            "route.2486963590.instance_id": "i-0c0f33d001414d5c7",
                            "route.2486963590.ipv6_cidr_block": "",
                            "route.2486963590.nat_gateway_id": "",
                            "route.2486963590.network_interface_id": "eni-58bf4b0f",
                            "route.2486963590.vpc_peering_connection_id": "",
                            "route.337608247.cidr_block": "100.96.3.0/24",
                            "route.337608247.egress_only_gateway_id": "",
                            "route.337608247.gateway_id": "",
                            "route.337608247.instance_id": "i-0668e26b7fb6df78d",
                            "route.337608247.ipv6_cidr_block": "",
                            "route.337608247.nat_gateway_id": "",
                            "route.337608247.network_interface_id": "eni-3e6c366f",
                            "route.337608247.vpc_peering_connection_id": "",
                            "route.3702318960.cidr_block": "100.96.2.0/24",
                            "route.3702318960.egress_only_gateway_id": "",
                            "route.3702318960.gateway_id": "",
                            "route.3702318960.instance_id": "i-0f42ffb1ffe79a043",
                            "route.3702318960.ipv6_cidr_block": "",
                            "route.3702318960.nat_gateway_id": "",
                            "route.3702318960.network_interface_id": "eni-3f6c366e",
                            "route.3702318960.vpc_peering_connection_id": "",
                            "route.3733762984.cidr_block": "100.96.8.0/24",
                            "route.3733762984.egress_only_gateway_id": "",
                            "route.3733762984.gateway_id": "",
                            "route.3733762984.instance_id": "i-05725b1521a9e38cc",
                            "route.3733762984.ipv6_cidr_block": "",
                            "route.3733762984.nat_gateway_id": "",
                            "route.3733762984.network_interface_id": "eni-efe4c1be",
                            "route.3733762984.vpc_peering_connection_id": "",
                            "route.3770965755.cidr_block": "0.0.0.0/0",
                            "route.3770965755.egress_only_gateway_id": "",
                            "route.3770965755.gateway_id": "igw-13ee147b",
                            "route.3770965755.instance_id": "",
                            "route.3770965755.ipv6_cidr_block": "",
                            "route.3770965755.nat_gateway_id": "",
                            "route.3770965755.network_interface_id": "",
                            "route.3770965755.vpc_peering_connection_id": "",
                            "route.498890283.cidr_block": "100.96.7.0/24",
                            "route.498890283.egress_only_gateway_id": "",
                            "route.498890283.gateway_id": "",
                            "route.498890283.instance_id": "i-002b59f06a9f1dccd",
                            "route.498890283.ipv6_cidr_block": "",
                            "route.498890283.nat_gateway_id": "",
                            "route.498890283.network_interface_id": "eni-f66195a1",
                            "route.498890283.vpc_peering_connection_id": "",
                            "route.745855274.cidr_block": "100.96.1.0/24",
                            "route.745855274.egress_only_gateway_id": "",
                            "route.745855274.gateway_id": "",
                            "route.745855274.instance_id": "i-0ba3b4521cb20aa55",
                            "route.745855274.ipv6_cidr_block": "",
                            "route.745855274.nat_gateway_id": "",
                            "route.745855274.network_interface_id": "eni-59bf4b0e",
                            "route.745855274.vpc_peering_connection_id": "",
                            "tags.%": "4",
                            "tags.KubernetesCluster": "sports-cloud.k8s.local",
                            "tags.Name": "sports-cloud.k8s.local",
                            "tags.kubernetes.io/cluster/sports-cloud.k8s.local": "owned",
                            "tags.kubernetes.io/kops/role": "public",
                            "vpc_id": "vpc-c22360aa"
                        },
                        "meta": {},
                        "tainted": false
                    },
                    "deposed": [],
                    "provider": "provider.aws"
                },
                "aws_route_table_association.us-east-2a-sports-cloud-k8s-local": {
                    "type": "aws_route_table_association",
                    "depends_on": [
                        "aws_route_table.sports-cloud-k8s-local",
                        "aws_subnet.us-east-2a-sports-cloud-k8s-local"
                    ],
                    "primary": {
                        "id": "rtbassoc-aaafc2c1",
                        "attributes": {
                            "id": "rtbassoc-aaafc2c1",
                            "route_table_id": "rtb-46383b2e",
                            "subnet_id": "subnet-23deac4b"
                        },
                        "meta": {},
                        "tainted": false
                    },
                    "deposed": [],
                    "provider": "provider.aws"
                },
                "aws_route_table_association.us-east-2b-sports-cloud-k8s-local": {
                    "type": "aws_route_table_association",
                    "depends_on": [
                        "aws_route_table.sports-cloud-k8s-local",
                        "aws_subnet.us-east-2b-sports-cloud-k8s-local"
                    ],
                    "primary": {
                        "id": "rtbassoc-51a9c43a",
                        "attributes": {
                            "id": "rtbassoc-51a9c43a",
                            "route_table_id": "rtb-46383b2e",
                            "subnet_id": "subnet-c3268db9"
                        },
                        "meta": {},
                        "tainted": false
                    },
                    "deposed": [],
                    "provider": "provider.aws"
                },
                "aws_security_group.alb-sports-cloud-k8s-local": {
                    "type": "aws_security_group",
                    "depends_on": [
                        "aws_vpc.sports-cloud-k8s-local"
                    ],
                    "primary": {
                        "id": "sg-f0ca1d9a",
                        "attributes": {
                            "arn": "arn:aws:ec2:us-east-2:108333265490:security-group/sg-f0ca1d9a",
                            "description": "Security group for alb",
                            "egress.#": "1",
                            "egress.482069346.cidr_blocks.#": "1",
                            "egress.482069346.cidr_blocks.0": "0.0.0.0/0",
                            "egress.482069346.description": "",
                            "egress.482069346.from_port": "0",
                            "egress.482069346.ipv6_cidr_blocks.#": "0",
                            "egress.482069346.prefix_list_ids.#": "0",
                            "egress.482069346.protocol": "-1",
                            "egress.482069346.security_groups.#": "0",
                            "egress.482069346.self": "false",
                            "egress.482069346.to_port": "0",
                            "id": "sg-f0ca1d9a",
                            "ingress.#": "2",
                            "ingress.2214680975.cidr_blocks.#": "1",
                            "ingress.2214680975.cidr_blocks.0": "0.0.0.0/0",
                            "ingress.2214680975.description": "",
                            "ingress.2214680975.from_port": "80",
                            "ingress.2214680975.ipv6_cidr_blocks.#": "0",
                            "ingress.2214680975.protocol": "tcp",
                            "ingress.2214680975.security_groups.#": "0",
                            "ingress.2214680975.self": "false",
                            "ingress.2214680975.to_port": "80",
                            "ingress.52838556.cidr_blocks.#": "2",
                            "ingress.52838556.cidr_blocks.0": "182.71.244.110/32",
                            "ingress.52838556.cidr_blocks.1": "75.62.122.254/32",
                            "ingress.52838556.description": "",
                            "ingress.52838556.from_port": "0",
                            "ingress.52838556.ipv6_cidr_blocks.#": "0",
                            "ingress.52838556.protocol": "tcp",
                            "ingress.52838556.security_groups.#": "0",
                            "ingress.52838556.self": "false",
                            "ingress.52838556.to_port": "65535",
                            "name": "alb-sports-cloud.k8s.local",
                            "owner_id": "108333265490",
                            "revoke_rules_on_delete": "false",
                            "tags.%": "3",
                            "tags.ManagedBy": "alb-ingress",
                            "tags.Name": "alb-sports-cloud.k8s.local",
                            "tags.kubernetes.io/cluster/sports-cloud.k8s.local": "owned",
                            "vpc_id": "vpc-c22360aa"
                        },
                        "meta": {
                            "e2bfb730-ecaa-11e6-8f88-34363bc7c4c0": {
                                "create": 600000000000,
                                "delete": 600000000000
                            },
                            "schema_version": "1"
                        },
                        "tainted": false
                    },
                    "deposed": [],
                    "provider": "provider.aws"
                },
                "aws_security_group.api-elb-sports-cloud-k8s-local": {
                    "type": "aws_security_group",
                    "depends_on": [
                        "aws_vpc.sports-cloud-k8s-local"
                    ],
                    "primary": {
                        "id": "sg-c7489cad",
                        "attributes": {
                            "arn": "arn:aws:ec2:us-east-2:108333265490:security-group/sg-c7489cad",
                            "description": "Security group for api ELB",
                            "egress.#": "1",
                            "egress.482069346.cidr_blocks.#": "1",
                            "egress.482069346.cidr_blocks.0": "0.0.0.0/0",
                            "egress.482069346.description": "",
                            "egress.482069346.from_port": "0",
                            "egress.482069346.ipv6_cidr_blocks.#": "0",
                            "egress.482069346.prefix_list_ids.#": "0",
                            "egress.482069346.protocol": "-1",
                            "egress.482069346.security_groups.#": "0",
                            "egress.482069346.self": "false",
                            "egress.482069346.to_port": "0",
                            "id": "sg-c7489cad",
                            "ingress.#": "1",
                            "ingress.2341045693.cidr_blocks.#": "2",
                            "ingress.2341045693.cidr_blocks.0": "182.71.244.110/32",
                            "ingress.2341045693.cidr_blocks.1": "75.62.122.254/32",
                            "ingress.2341045693.description": "",
                            "ingress.2341045693.from_port": "443",
                            "ingress.2341045693.ipv6_cidr_blocks.#": "0",
                            "ingress.2341045693.protocol": "tcp",
                            "ingress.2341045693.security_groups.#": "0",
                            "ingress.2341045693.self": "false",
                            "ingress.2341045693.to_port": "443",
                            "name": "api-elb.sports-cloud.k8s.local",
                            "owner_id": "108333265490",
                            "revoke_rules_on_delete": "false",
                            "tags.%": "3",
                            "tags.KubernetesCluster": "sports-cloud.k8s.local",
                            "tags.Name": "api-elb.sports-cloud.k8s.local",
                            "tags.kubernetes.io/cluster/sports-cloud.k8s.local": "owned",
                            "vpc_id": "vpc-c22360aa"
                        },
                        "meta": {
                            "e2bfb730-ecaa-11e6-8f88-34363bc7c4c0": {
                                "create": 600000000000,
                                "delete": 600000000000
                            },
                            "schema_version": "1"
                        },
                        "tainted": false
                    },
                    "deposed": [],
                    "provider": "provider.aws"
                },
                "aws_security_group.masters-sports-cloud-k8s-local": {
                    "type": "aws_security_group",
                    "depends_on": [
                        "aws_vpc.sports-cloud-k8s-local"
                    ],
                    "primary": {
                        "id": "sg-fa4c9890",
                        "attributes": {
                            "arn": "arn:aws:ec2:us-east-2:108333265490:security-group/sg-fa4c9890",
                            "description": "Security group for masters",
                            "egress.#": "1",
                            "egress.482069346.cidr_blocks.#": "1",
                            "egress.482069346.cidr_blocks.0": "0.0.0.0/0",
                            "egress.482069346.description": "",
                            "egress.482069346.from_port": "0",
                            "egress.482069346.ipv6_cidr_blocks.#": "0",
                            "egress.482069346.prefix_list_ids.#": "0",
                            "egress.482069346.protocol": "-1",
                            "egress.482069346.security_groups.#": "0",
                            "egress.482069346.self": "false",
                            "egress.482069346.to_port": "0",
                            "id": "sg-fa4c9890",
                            "ingress.#": "7",
                            "ingress.2541437006.cidr_blocks.#": "1",
                            "ingress.2541437006.cidr_blocks.0": "0.0.0.0/0",
                            "ingress.2541437006.description": "",
                            "ingress.2541437006.from_port": "22",
                            "ingress.2541437006.ipv6_cidr_blocks.#": "0",
                            "ingress.2541437006.protocol": "tcp",
                            "ingress.2541437006.security_groups.#": "0",
                            "ingress.2541437006.self": "false",
                            "ingress.2541437006.to_port": "22",
                            "ingress.303198356.cidr_blocks.#": "0",
                            "ingress.303198356.description": "",
                            "ingress.303198356.from_port": "2382",
                            "ingress.303198356.ipv6_cidr_blocks.#": "0",
                            "ingress.303198356.protocol": "tcp",
                            "ingress.303198356.security_groups.#": "1",
                            "ingress.303198356.security_groups.480041186": "sg-01499d6b",
                            "ingress.303198356.self": "false",
                            "ingress.303198356.to_port": "4000",
                            "ingress.4230957238.cidr_blocks.#": "0",
                            "ingress.4230957238.description": "",
                            "ingress.4230957238.from_port": "4003",
                            "ingress.4230957238.ipv6_cidr_blocks.#": "0",
                            "ingress.4230957238.protocol": "tcp",
                            "ingress.4230957238.security_groups.#": "1",
                            "ingress.4230957238.security_groups.480041186": "sg-01499d6b",
                            "ingress.4230957238.self": "false",
                            "ingress.4230957238.to_port": "65535",
                            "ingress.614861591.cidr_blocks.#": "0",
                            "ingress.614861591.description": "",
                            "ingress.614861591.from_port": "1",
                            "ingress.614861591.ipv6_cidr_blocks.#": "0",
                            "ingress.614861591.protocol": "udp",
                            "ingress.614861591.security_groups.#": "1",
                            "ingress.614861591.security_groups.480041186": "sg-01499d6b",
                            "ingress.614861591.self": "false",
                            "ingress.614861591.to_port": "65535",
                            "ingress.753360330.cidr_blocks.#": "0",
                            "ingress.753360330.description": "",
                            "ingress.753360330.from_port": "0",
                            "ingress.753360330.ipv6_cidr_blocks.#": "0",
                            "ingress.753360330.protocol": "-1",
                            "ingress.753360330.security_groups.#": "0",
                            "ingress.753360330.self": "true",
                            "ingress.753360330.to_port": "0",
                            "ingress.981783126.cidr_blocks.#": "0",
                            "ingress.981783126.description": "",
                            "ingress.981783126.from_port": "1",
                            "ingress.981783126.ipv6_cidr_blocks.#": "0",
                            "ingress.981783126.protocol": "tcp",
                            "ingress.981783126.security_groups.#": "1",
                            "ingress.981783126.security_groups.480041186": "sg-01499d6b",
                            "ingress.981783126.self": "false",
                            "ingress.981783126.to_port": "2379",
                            "ingress.988769126.cidr_blocks.#": "0",
                            "ingress.988769126.description": "",
                            "ingress.988769126.from_port": "443",
                            "ingress.988769126.ipv6_cidr_blocks.#": "0",
                            "ingress.988769126.protocol": "tcp",
                            "ingress.988769126.security_groups.#": "1",
                            "ingress.988769126.security_groups.2152941678": "sg-c7489cad",
                            "ingress.988769126.self": "false",
                            "ingress.988769126.to_port": "443",
                            "name": "masters.sports-cloud.k8s.local",
                            "owner_id": "108333265490",
                            "revoke_rules_on_delete": "false",
                            "tags.%": "3",
                            "tags.KubernetesCluster": "sports-cloud.k8s.local",
                            "tags.Name": "masters.sports-cloud.k8s.local",
                            "tags.kubernetes.io/cluster/sports-cloud.k8s.local": "owned",
                            "vpc_id": "vpc-c22360aa"
                        },
                        "meta": {
                            "e2bfb730-ecaa-11e6-8f88-34363bc7c4c0": {
                                "create": 600000000000,
                                "delete": 600000000000
                            },
                            "schema_version": "1"
                        },
                        "tainted": false
                    },
                    "deposed": [],
                    "provider": "provider.aws"
                },
                "aws_security_group.nodes-sports-cloud-k8s-local": {
                    "type": "aws_security_group",
                    "depends_on": [
                        "aws_vpc.sports-cloud-k8s-local"
                    ],
                    "primary": {
                        "id": "sg-01499d6b",
                        "attributes": {
                            "arn": "arn:aws:ec2:us-east-2:108333265490:security-group/sg-01499d6b",
                            "description": "Security group for nodes",
                            "egress.#": "1",
                            "egress.482069346.cidr_blocks.#": "1",
                            "egress.482069346.cidr_blocks.0": "0.0.0.0/0",
                            "egress.482069346.description": "",
                            "egress.482069346.from_port": "0",
                            "egress.482069346.ipv6_cidr_blocks.#": "0",
                            "egress.482069346.prefix_list_ids.#": "0",
                            "egress.482069346.protocol": "-1",
                            "egress.482069346.security_groups.#": "0",
                            "egress.482069346.self": "false",
                            "egress.482069346.to_port": "0",
                            "id": "sg-01499d6b",
                            "ingress.#": "2",
                            "ingress.2541437006.cidr_blocks.#": "1",
                            "ingress.2541437006.cidr_blocks.0": "0.0.0.0/0",
                            "ingress.2541437006.description": "",
                            "ingress.2541437006.from_port": "22",
                            "ingress.2541437006.ipv6_cidr_blocks.#": "0",
                            "ingress.2541437006.protocol": "tcp",
                            "ingress.2541437006.security_groups.#": "0",
                            "ingress.2541437006.self": "false",
                            "ingress.2541437006.to_port": "22",
                            "ingress.2599830467.cidr_blocks.#": "0",
                            "ingress.2599830467.description": "",
                            "ingress.2599830467.from_port": "0",
                            "ingress.2599830467.ipv6_cidr_blocks.#": "0",
                            "ingress.2599830467.protocol": "-1",
                            "ingress.2599830467.security_groups.#": "1",
                            "ingress.2599830467.security_groups.3120097213": "sg-fa4c9890",
                            "ingress.2599830467.self": "true",
                            "ingress.2599830467.to_port": "0",
                            "name": "nodes.sports-cloud.k8s.local",
                            "owner_id": "108333265490",
                            "revoke_rules_on_delete": "false",
                            "tags.%": "3",
                            "tags.KubernetesCluster": "sports-cloud.k8s.local",
                            "tags.Name": "nodes.sports-cloud.k8s.local",
                            "tags.kubernetes.io/cluster/sports-cloud.k8s.local": "owned",
                            "vpc_id": "vpc-c22360aa"
                        },
                        "meta": {
                            "e2bfb730-ecaa-11e6-8f88-34363bc7c4c0": {
                                "create": 600000000000,
                                "delete": 600000000000
                            },
                            "schema_version": "1"
                        },
                        "tainted": false
                    },
                    "deposed": [],
                    "provider": "provider.aws"
                },
                "aws_security_group_rule.alb-sports-cloud-k8s-egress": {
                    "type": "aws_security_group_rule",
                    "depends_on": [
                        "aws_security_group.alb-sports-cloud-k8s-local"
                    ],
                    "primary": {
                        "id": "sgrule-2728139606",
                        "attributes": {
                            "cidr_blocks.#": "1",
                            "cidr_blocks.0": "0.0.0.0/0",
                            "description": "",
                            "from_port": "0",
                            "id": "sgrule-2728139606",
                            "ipv6_cidr_blocks.#": "0",
                            "prefix_list_ids.#": "0",
                            "protocol": "-1",
                            "security_group_id": "sg-f0ca1d9a",
                            "self": "false",
                            "to_port": "0",
                            "type": "egress"
                        },
                        "meta": {
                            "schema_version": "2"
                        },
                        "tainted": false
                    },
                    "deposed": [],
                    "provider": "provider.aws"
                },
                "aws_security_group_rule.alb-sports-cloud-k8s-local-80-rule": {
                    "type": "aws_security_group_rule",
                    "depends_on": [
                        "aws_security_group.alb-sports-cloud-k8s-local"
                    ],
                    "primary": {
                        "id": "sgrule-1829792896",
                        "attributes": {
                            "cidr_blocks.#": "1",
                            "cidr_blocks.0": "0.0.0.0/0",
                            "description": "",
                            "from_port": "80",
                            "id": "sgrule-1829792896",
                            "ipv6_cidr_blocks.#": "0",
                            "prefix_list_ids.#": "0",
                            "protocol": "tcp",
                            "security_group_id": "sg-f0ca1d9a",
                            "self": "false",
                            "to_port": "80",
                            "type": "ingress"
                        },
                        "meta": {
                            "schema_version": "2"
                        },
                        "tainted": false
                    },
                    "deposed": [],
                    "provider": "provider.aws"
                },
                "aws_security_group_rule.alb-sports-cloud-k8s-local-corporate-rule": {
                    "type": "aws_security_group_rule",
                    "depends_on": [
                        "aws_security_group.alb-sports-cloud-k8s-local"
                    ],
                    "primary": {
                        "id": "sgrule-4217704241",
                        "attributes": {
                            "cidr_blocks.#": "2",
                            "cidr_blocks.0": "182.71.244.110/32",
                            "cidr_blocks.1": "75.62.122.254/32",
                            "description": "",
                            "from_port": "0",
                            "id": "sgrule-4217704241",
                            "ipv6_cidr_blocks.#": "0",
                            "prefix_list_ids.#": "0",
                            "protocol": "tcp",
                            "security_group_id": "sg-f0ca1d9a",
                            "self": "false",
                            "to_port": "65535",
                            "type": "ingress"
                        },
                        "meta": {
                            "schema_version": "2"
                        },
                        "tainted": false
                    },
                    "deposed": [],
                    "provider": "provider.aws"
                },
                "aws_security_group_rule.all-master-to-master": {
                    "type": "aws_security_group_rule",
                    "depends_on": [
                        "aws_security_group.masters-sports-cloud-k8s-local"
                    ],
                    "primary": {
                        "id": "sgrule-158990873",
                        "attributes": {
                            "cidr_blocks.#": "0",
                            "description": "",
                            "from_port": "0",
                            "id": "sgrule-158990873",
                            "ipv6_cidr_blocks.#": "0",
                            "prefix_list_ids.#": "0",
                            "protocol": "-1",
                            "security_group_id": "sg-fa4c9890",
                            "self": "false",
                            "source_security_group_id": "sg-fa4c9890",
                            "to_port": "0",
                            "type": "ingress"
                        },
                        "meta": {
                            "schema_version": "2"
                        },
                        "tainted": false
                    },
                    "deposed": [],
                    "provider": "provider.aws"
                },
                "aws_security_group_rule.all-master-to-node": {
                    "type": "aws_security_group_rule",
                    "depends_on": [
                        "aws_security_group.masters-sports-cloud-k8s-local",
                        "aws_security_group.nodes-sports-cloud-k8s-local"
                    ],
                    "primary": {
                        "id": "sgrule-3778792424",
                        "attributes": {
                            "cidr_blocks.#": "0",
                            "description": "",
                            "from_port": "0",
                            "id": "sgrule-3778792424",
                            "ipv6_cidr_blocks.#": "0",
                            "prefix_list_ids.#": "0",
                            "protocol": "-1",
                            "security_group_id": "sg-01499d6b",
                            "self": "false",
                            "source_security_group_id": "sg-fa4c9890",
                            "to_port": "0",
                            "type": "ingress"
                        },
                        "meta": {
                            "schema_version": "2"
                        },
                        "tainted": false
                    },
                    "deposed": [],
                    "provider": "provider.aws"
                },
                "aws_security_group_rule.all-node-to-node": {
                    "type": "aws_security_group_rule",
                    "depends_on": [
                        "aws_security_group.nodes-sports-cloud-k8s-local"
                    ],
                    "primary": {
                        "id": "sgrule-1786642986",
                        "attributes": {
                            "cidr_blocks.#": "0",
                            "description": "",
                            "from_port": "0",
                            "id": "sgrule-1786642986",
                            "ipv6_cidr_blocks.#": "0",
                            "prefix_list_ids.#": "0",
                            "protocol": "-1",
                            "security_group_id": "sg-01499d6b",
                            "self": "false",
                            "source_security_group_id": "sg-01499d6b",
                            "to_port": "0",
                            "type": "ingress"
                        },
                        "meta": {
                            "schema_version": "2"
                        },
                        "tainted": false
                    },
                    "deposed": [],
                    "provider": "provider.aws"
                },
                "aws_security_group_rule.api-elb-egress": {
                    "type": "aws_security_group_rule",
                    "depends_on": [
                        "aws_security_group.api-elb-sports-cloud-k8s-local"
                    ],
                    "primary": {
                        "id": "sgrule-853093660",
                        "attributes": {
                            "cidr_blocks.#": "1",
                            "cidr_blocks.0": "0.0.0.0/0",
                            "description": "",
                            "from_port": "0",
                            "id": "sgrule-853093660",
                            "ipv6_cidr_blocks.#": "0",
                            "prefix_list_ids.#": "0",
                            "protocol": "-1",
                            "security_group_id": "sg-c7489cad",
                            "self": "false",
                            "to_port": "0",
                            "type": "egress"
                        },
                        "meta": {
                            "schema_version": "2"
                        },
                        "tainted": false
                    },
                    "deposed": [],
                    "provider": "provider.aws"
                },
                "aws_security_group_rule.https-api-elb-0-0-0-0--0": {
                    "type": "aws_security_group_rule",
                    "depends_on": [
                        "aws_security_group.api-elb-sports-cloud-k8s-local"
                    ],
                    "primary": {
                        "id": "sgrule-650338939",
                        "attributes": {
                            "cidr_blocks.#": "2",
                            "cidr_blocks.0": "182.71.244.110/32",
                            "cidr_blocks.1": "75.62.122.254/32",
                            "description": "",
                            "from_port": "443",
                            "id": "sgrule-650338939",
                            "ipv6_cidr_blocks.#": "0",
                            "prefix_list_ids.#": "0",
                            "protocol": "tcp",
                            "security_group_id": "sg-c7489cad",
                            "self": "false",
                            "to_port": "443",
                            "type": "ingress"
                        },
                        "meta": {
                            "schema_version": "2"
                        },
                        "tainted": false
                    },
                    "deposed": [],
                    "provider": "provider.aws"
                },
                "aws_security_group_rule.https-elb-to-master": {
                    "type": "aws_security_group_rule",
                    "depends_on": [
                        "aws_security_group.api-elb-sports-cloud-k8s-local",
                        "aws_security_group.masters-sports-cloud-k8s-local"
                    ],
                    "primary": {
                        "id": "sgrule-1551114925",
                        "attributes": {
                            "cidr_blocks.#": "0",
                            "description": "",
                            "from_port": "443",
                            "id": "sgrule-1551114925",
                            "ipv6_cidr_blocks.#": "0",
                            "prefix_list_ids.#": "0",
                            "protocol": "tcp",
                            "security_group_id": "sg-fa4c9890",
                            "self": "false",
                            "source_security_group_id": "sg-c7489cad",
                            "to_port": "443",
                            "type": "ingress"
                        },
                        "meta": {
                            "schema_version": "2"
                        },
                        "tainted": false
                    },
                    "deposed": [],
                    "provider": "provider.aws"
                },
                "aws_security_group_rule.master-egress": {
                    "type": "aws_security_group_rule",
                    "depends_on": [
                        "aws_security_group.masters-sports-cloud-k8s-local"
                    ],
                    "primary": {
                        "id": "sgrule-1416086762",
                        "attributes": {
                            "cidr_blocks.#": "1",
                            "cidr_blocks.0": "0.0.0.0/0",
                            "description": "",
                            "from_port": "0",
                            "id": "sgrule-1416086762",
                            "ipv6_cidr_blocks.#": "0",
                            "prefix_list_ids.#": "0",
                            "protocol": "-1",
                            "security_group_id": "sg-fa4c9890",
                            "self": "false",
                            "to_port": "0",
                            "type": "egress"
                        },
                        "meta": {
                            "schema_version": "2"
                        },
                        "tainted": false
                    },
                    "deposed": [],
                    "provider": "provider.aws"
                },
                "aws_security_group_rule.node-egress": {
                    "type": "aws_security_group_rule",
                    "depends_on": [
                        "aws_security_group.nodes-sports-cloud-k8s-local"
                    ],
                    "primary": {
                        "id": "sgrule-3034658654",
                        "attributes": {
                            "cidr_blocks.#": "1",
                            "cidr_blocks.0": "0.0.0.0/0",
                            "description": "",
                            "from_port": "0",
                            "id": "sgrule-3034658654",
                            "ipv6_cidr_blocks.#": "0",
                            "prefix_list_ids.#": "0",
                            "protocol": "-1",
                            "security_group_id": "sg-01499d6b",
                            "self": "false",
                            "to_port": "0",
                            "type": "egress"
                        },
                        "meta": {
                            "schema_version": "2"
                        },
                        "tainted": false
                    },
                    "deposed": [],
                    "provider": "provider.aws"
                },
                "aws_security_group_rule.node-to-master-tcp-1-2379": {
                    "type": "aws_security_group_rule",
                    "depends_on": [
                        "aws_security_group.masters-sports-cloud-k8s-local",
                        "aws_security_group.nodes-sports-cloud-k8s-local"
                    ],
                    "primary": {
                        "id": "sgrule-2545140626",
                        "attributes": {
                            "cidr_blocks.#": "0",
                            "description": "",
                            "from_port": "1",
                            "id": "sgrule-2545140626",
                            "ipv6_cidr_blocks.#": "0",
                            "prefix_list_ids.#": "0",
                            "protocol": "tcp",
                            "security_group_id": "sg-fa4c9890",
                            "self": "false",
                            "source_security_group_id": "sg-01499d6b",
                            "to_port": "2379",
                            "type": "ingress"
                        },
                        "meta": {
                            "schema_version": "2"
                        },
                        "tainted": false
                    },
                    "deposed": [],
                    "provider": "provider.aws"
                },
                "aws_security_group_rule.node-to-master-tcp-2382-4000": {
                    "type": "aws_security_group_rule",
                    "depends_on": [
                        "aws_security_group.masters-sports-cloud-k8s-local",
                        "aws_security_group.nodes-sports-cloud-k8s-local"
                    ],
                    "primary": {
                        "id": "sgrule-2575990888",
                        "attributes": {
                            "cidr_blocks.#": "0",
                            "description": "",
                            "from_port": "2382",
                            "id": "sgrule-2575990888",
                            "ipv6_cidr_blocks.#": "0",
                            "prefix_list_ids.#": "0",
                            "protocol": "tcp",
                            "security_group_id": "sg-fa4c9890",
                            "self": "false",
                            "source_security_group_id": "sg-01499d6b",
                            "to_port": "4000",
                            "type": "ingress"
                        },
                        "meta": {
                            "schema_version": "2"
                        },
                        "tainted": false
                    },
                    "deposed": [],
                    "provider": "provider.aws"
                },
                "aws_security_group_rule.node-to-master-tcp-4003-65535": {
                    "type": "aws_security_group_rule",
                    "depends_on": [
                        "aws_security_group.masters-sports-cloud-k8s-local",
                        "aws_security_group.nodes-sports-cloud-k8s-local"
                    ],
                    "primary": {
                        "id": "sgrule-893310847",
                        "attributes": {
                            "cidr_blocks.#": "0",
                            "description": "",
                            "from_port": "4003",
                            "id": "sgrule-893310847",
                            "ipv6_cidr_blocks.#": "0",
                            "prefix_list_ids.#": "0",
                            "protocol": "tcp",
                            "security_group_id": "sg-fa4c9890",
                            "self": "false",
                            "source_security_group_id": "sg-01499d6b",
                            "to_port": "65535",
                            "type": "ingress"
                        },
                        "meta": {
                            "schema_version": "2"
                        },
                        "tainted": false
                    },
                    "deposed": [],
                    "provider": "provider.aws"
                },
                "aws_security_group_rule.node-to-master-udp-1-65535": {
                    "type": "aws_security_group_rule",
                    "depends_on": [
                        "aws_security_group.masters-sports-cloud-k8s-local",
                        "aws_security_group.nodes-sports-cloud-k8s-local"
                    ],
                    "primary": {
                        "id": "sgrule-3955543830",
                        "attributes": {
                            "cidr_blocks.#": "0",
                            "description": "",
                            "from_port": "1",
                            "id": "sgrule-3955543830",
                            "ipv6_cidr_blocks.#": "0",
                            "prefix_list_ids.#": "0",
                            "protocol": "udp",
                            "security_group_id": "sg-fa4c9890",
                            "self": "false",
                            "source_security_group_id": "sg-01499d6b",
                            "to_port": "65535",
                            "type": "ingress"
                        },
                        "meta": {
                            "schema_version": "2"
                        },
                        "tainted": false
                    },
                    "deposed": [],
                    "provider": "provider.aws"
                },
                "aws_security_group_rule.ssh-external-to-master-0-0-0-0--0": {
                    "type": "aws_security_group_rule",
                    "depends_on": [
                        "aws_security_group.masters-sports-cloud-k8s-local"
                    ],
                    "primary": {
                        "id": "sgrule-3211382102",
                        "attributes": {
                            "cidr_blocks.#": "1",
                            "cidr_blocks.0": "0.0.0.0/0",
                            "description": "",
                            "from_port": "22",
                            "id": "sgrule-3211382102",
                            "ipv6_cidr_blocks.#": "0",
                            "prefix_list_ids.#": "0",
                            "protocol": "tcp",
                            "security_group_id": "sg-fa4c9890",
                            "self": "false",
                            "to_port": "22",
                            "type": "ingress"
                        },
                        "meta": {
                            "schema_version": "2"
                        },
                        "tainted": false
                    },
                    "deposed": [],
                    "provider": "provider.aws"
                },
                "aws_security_group_rule.ssh-external-to-node-0-0-0-0--0": {
                    "type": "aws_security_group_rule",
                    "depends_on": [
                        "aws_security_group.nodes-sports-cloud-k8s-local"
                    ],
                    "primary": {
                        "id": "sgrule-1484653909",
                        "attributes": {
                            "cidr_blocks.#": "1",
                            "cidr_blocks.0": "0.0.0.0/0",
                            "description": "",
                            "from_port": "22",
                            "id": "sgrule-1484653909",
                            "ipv6_cidr_blocks.#": "0",
                            "prefix_list_ids.#": "0",
                            "protocol": "tcp",
                            "security_group_id": "sg-01499d6b",
                            "self": "false",
                            "to_port": "22",
                            "type": "ingress"
                        },
                        "meta": {
                            "schema_version": "2"
                        },
                        "tainted": false
                    },
                    "deposed": [],
                    "provider": "provider.aws"
                },
                "aws_subnet.us-east-2a-sports-cloud-k8s-local": {
                    "type": "aws_subnet",
                    "depends_on": [
                        "aws_vpc.sports-cloud-k8s-local"
                    ],
                    "primary": {
                        "id": "subnet-23deac4b",
                        "attributes": {
                            "assign_ipv6_address_on_creation": "false",
                            "availability_zone": "us-east-2a",
                            "cidr_block": "172.20.32.0/19",
                            "id": "subnet-23deac4b",
                            "map_public_ip_on_launch": "false",
                            "tags.%": "6",
                            "tags.KubernetesCluster": "sports-cloud.k8s.local",
                            "tags.Name": "us-east-2a.sports-cloud.k8s.local",
                            "tags.SubnetType": "Public",
                            "tags.kubernetes.io/cluster/sports-cloud.k8s.local": "shared",
                            "tags.kubernetes.io/role/alb-ingress": "",
                            "tags.kubernetes.io/role/elb": "1",
                            "vpc_id": "vpc-c22360aa"
                        },
                        "meta": {
                            "schema_version": "1"
                        },
                        "tainted": false
                    },
                    "deposed": [],
                    "provider": "provider.aws"
                },
                "aws_subnet.us-east-2b-sports-cloud-k8s-local": {
                    "type": "aws_subnet",
                    "depends_on": [
                        "aws_vpc.sports-cloud-k8s-local"
                    ],
                    "primary": {
                        "id": "subnet-c3268db9",
                        "attributes": {
                            "assign_ipv6_address_on_creation": "false",
                            "availability_zone": "us-east-2b",
                            "cidr_block": "172.20.64.0/19",
                            "id": "subnet-c3268db9",
                            "map_public_ip_on_launch": "false",
                            "tags.%": "6",
                            "tags.KubernetesCluster": "sports-cloud.k8s.local",
                            "tags.Name": "us-east-2b.sports-cloud.k8s.local",
                            "tags.SubnetType": "Public",
                            "tags.kubernetes.io/cluster/sports-cloud.k8s.local": "shared",
                            "tags.kubernetes.io/role/alb-ingress": "",
                            "tags.kubernetes.io/role/elb": "1",
                            "vpc_id": "vpc-c22360aa"
                        },
                        "meta": {
                            "schema_version": "1"
                        },
                        "tainted": false
                    },
                    "deposed": [],
                    "provider": "provider.aws"
                },
                "aws_vpc.sports-cloud-k8s-local": {
                    "type": "aws_vpc",
                    "depends_on": [],
                    "primary": {
                        "id": "vpc-c22360aa",
                        "attributes": {
                            "assign_generated_ipv6_cidr_block": "false",
                            "cidr_block": "172.20.0.0/16",
                            "default_network_acl_id": "acl-a0270ac8",
                            "default_route_table_id": "rtb-1d3e3d75",
                            "default_security_group_id": "sg-a54e9acf",
                            "dhcp_options_id": "dopt-dadd85b2",
                            "enable_dns_hostnames": "true",
                            "enable_dns_support": "true",
                            "id": "vpc-c22360aa",
                            "instance_tenancy": "default",
                            "main_route_table_id": "rtb-1d3e3d75",
                            "tags.%": "3",
                            "tags.KubernetesCluster": "sports-cloud.k8s.local",
                            "tags.Name": "sports-cloud.k8s.local",
                            "tags.kubernetes.io/cluster/sports-cloud.k8s.local": "owned"
                        },
                        "meta": {
                            "schema_version": "1"
                        },
                        "tainted": false
                    },
                    "deposed": [],
                    "provider": "provider.aws"
                },
                "aws_vpc_dhcp_options.sports-cloud-k8s-local": {
                    "type": "aws_vpc_dhcp_options",
                    "depends_on": [],
                    "primary": {
                        "id": "dopt-dadd85b2",
                        "attributes": {
                            "domain_name": "us-east-2.compute.internal",
                            "domain_name_servers.#": "1",
                            "domain_name_servers.0": "AmazonProvidedDNS",
                            "id": "dopt-dadd85b2",
                            "tags.%": "3",
                            "tags.KubernetesCluster": "sports-cloud.k8s.local",
                            "tags.Name": "sports-cloud.k8s.local",
                            "tags.kubernetes.io/cluster/sports-cloud.k8s.local": "owned"
                        },
                        "meta": {},
                        "tainted": false
                    },
                    "deposed": [],
                    "provider": "provider.aws"
                },
                "aws_vpc_dhcp_options_association.sports-cloud-k8s-local": {
                    "type": "aws_vpc_dhcp_options_association",
                    "depends_on": [
                        "aws_vpc.sports-cloud-k8s-local",
                        "aws_vpc_dhcp_options.sports-cloud-k8s-local"
                    ],
                    "primary": {
                        "id": "dopt-dadd85b2-vpc-c22360aa",
                        "attributes": {
                            "dhcp_options_id": "dopt-dadd85b2",
                            "id": "dopt-dadd85b2-vpc-c22360aa",
                            "vpc_id": "vpc-c22360aa"
                        },
                        "meta": {},
                        "tainted": false
                    },
                    "deposed": [],
                    "provider": "provider.aws"
                }
            },
            "depends_on": []
        }
    ]
}
